<?xml version="1.0" encoding="utf-8"?>
<Project ToolsVersion="4.0" xmlns="http://schemas.microsoft.com/developer/msbuild/2003">
  <ItemGroup>
    <ClCompile Include="bind_procedure.cpp" />
    <ClCompile Include="identity.cpp" />
    <ClCompile Include="null_binder.cpp" />
    <ClCompile Include="package.cpp" />
    <ClCompile Include="package_add.cpp" />
    <ClCompile Include="package_create.cpp" />
    <ClCompile Include="number_binder.cpp" />
    <ClCompile Include="number.cpp" />
    <ClCompile Include="apply.cpp" />
    <ClCompile Include="directory_compile.cpp" />
    <ClCompile Include="builder.cpp" />
    <ClCompile Include="adata.cpp" />
    <ClCompile Include="adata_binder.cpp" />
    <ClCompile Include="bool_c.cpp" />
    <ClCompile Include="cvalue.cpp" />
    <ClCompile Include="fapply.cpp" />
    <ClCompile Include="application.cpp" />
    <ClCompile Include="bool_binder.cpp" />
    <ClCompile Include="times.cpp" />
    <ClCompile Include="subtract.cpp" />
    <ClCompile Include="equals.cpp" />
    <ClCompile Include="loop.cpp" />
    <ClCompile Include="not.cpp" />
    <ClCompile Include="eval.cpp" />
    <ClCompile Include="parser_states\data.cpp">
      <Filter>parser_states</Filter>
    </ClCompile>
    <ClCompile Include="parser_factories\data_factory.cpp">
      <Filter>parser_factories</Filter>
    </ClCompile>
    <ClCompile Include="nodes\data.cpp">
      <Filter>nodes</Filter>
    </ClCompile>
    <ClCompile Include="parser_factories\number.cpp">
      <Filter>parser_factories</Filter>
    </ClCompile>
    <ClCompile Include="parser_states\number.cpp">
      <Filter>parser_states</Filter>
    </ClCompile>
  </ItemGroup>
  <ItemGroup>
    <ClInclude Include="bind_procedure.h" />
    <ClInclude Include="identity.h" />
    <ClInclude Include="null_binder.h" />
    <ClInclude Include="package.h" />
    <ClInclude Include="package_add.h" />
    <ClInclude Include="package_create.h" />
    <ClInclude Include="number_binder.h" />
    <ClInclude Include="number.h" />
    <ClInclude Include="apply.h" />
    <ClInclude Include="directory_compile.h" />
    <ClInclude Include="builder.h" />
    <ClInclude Include="adata.h" />
    <ClInclude Include="adata_binder.h" />
    <ClInclude Include="bool_c.h" />
    <ClInclude Include="cvalue.h" />
    <ClInclude Include="fapply.h" />
    <ClInclude Include="application.h" />
    <ClInclude Include="bool_binder.h" />
    <ClInclude Include="times.h" />
    <ClInclude Include="subtract.h" />
    <ClInclude Include="equals.h" />
    <ClInclude Include="loop.h" />
    <ClInclude Include="not.h" />
    <ClInclude Include="eval.h" />
    <ClInclude Include="parser_states\data.h">
      <Filter>parser_states</Filter>
    </ClInclude>
    <ClInclude Include="parser_factories\data_factory.h">
      <Filter>parser_factories</Filter>
    </ClInclude>
    <ClInclude Include="nodes\data.h">
      <Filter>nodes</Filter>
    </ClInclude>
    <ClInclude Include="parser_factories\number.h">
      <Filter>parser_factories</Filter>
    </ClInclude>
    <ClInclude Include="parser_states\number.h">
      <Filter>parser_states</Filter>
    </ClInclude>
  </ItemGroup>
  <ItemGroup>
    <Filter Include="parser_states">
      <UniqueIdentifier>{55f81c5c-efba-44aa-9b64-78de55b9b72f}</UniqueIdentifier>
    </Filter>
    <Filter Include="parser_factories">
      <UniqueIdentifier>{6a47d7eb-66d2-4820-80c3-405385cff150}</UniqueIdentifier>
    </Filter>
    <Filter Include="nodes">
      <UniqueIdentifier>{45416b4d-e3c5-4ed3-a99d-7dc2bec548ac}</UniqueIdentifier>
    </Filter>
  </ItemGroup>
</Project>