<?xml version="1.0" encoding="utf-8"?>
<Project ToolsVersion="4.0" xmlns="http://schemas.microsoft.com/developer/msbuild/2003">
  <ItemGroup>
    <ClCompile Include="istream_input_test.cpp" />
    <ClCompile Include="wistream_input_test.cpp" />
    <ClCompile Include="tests.cpp" />
    <ClCompile Include="lexer.cpp" />
    <ClCompile Include="lexer_result.cpp" />
    <ClCompile Include="source.cpp" />
    <ClCompile Include="source_result.cpp" />
    <ClCompile Include="parser.cpp" />
    <ClCompile Include="parser_result.cpp" />
    <ClCompile Include="analyzer.cpp" />
    <ClCompile Include="analyzer_result.cpp" />
    <ClCompile Include="extension.cpp" />
    <ClCompile Include="extension1.cpp" />
    <ClCompile Include="extension2.cpp" />
    <ClCompile Include="extension3.cpp" />
    <ClCompile Include="extension4.cpp" />
    <ClCompile Include="builder.cpp" />
    <ClCompile Include="complex_identifier.cpp" />
    <ClCompile Include="control.cpp" />
    <ClCompile Include="hex_code.cpp" />
    <ClCompile Include="multiline_comment.cpp" />
    <ClCompile Include="begin.cpp" />
    <ClCompile Include="values.cpp" />
    <ClCompile Include="single.cpp" />
    <ClCompile Include="full.cpp" />
    <ClCompile Include="routine.cpp" />
    <ClCompile Include="ast.cpp" />
  </ItemGroup>
  <ItemGroup>
    <ClInclude Include="istream_input_test.h" />
    <ClInclude Include="wistream_input_test.h" />
    <ClInclude Include="tests.h" />
    <ClInclude Include="lexer.h" />
    <ClInclude Include="lexer_result.h" />
    <ClInclude Include="source.h" />
    <ClInclude Include="source_result.h" />
    <ClInclude Include="parser.h" />
    <ClInclude Include="parser_result.h" />
    <ClInclude Include="analyzer.h" />
    <ClInclude Include="analyzer_result.h" />
    <ClInclude Include="extension.h" />
    <ClInclude Include="extension1.h" />
    <ClInclude Include="extension2.h" />
    <ClInclude Include="extension3.h" />
    <ClInclude Include="extension4.h" />
    <ClInclude Include="builder.h" />
    <ClInclude Include="complex_identifier.h" />
    <ClInclude Include="control.h" />
    <ClInclude Include="hex_code.h" />
    <ClInclude Include="multiline_comment.h" />
    <ClInclude Include="begin.h" />
    <ClInclude Include="values.h" />
    <ClInclude Include="single.h" />
    <ClInclude Include="full.h" />
    <ClInclude Include="routine.h" />
    <ClInclude Include="ast.h" />
  </ItemGroup>
</Project>