
Microsoft Visual Studio Solution File, Format Version 11.00
# Visual Studio 2010
Project("{8BC9CEB8-8B4A-11D0-8D11-00A0C91BC942}") = "lambda_p", "lambda_p\lambda_p.vcxproj", "{BF0B29D9-E099-454D-A28C-3625309A182D}"
EndProject
Project("{8BC9CEB8-8B4A-11D0-8D11-00A0C91BC942}") = "lambda_p_test", "lambda_p_test\lambda_p_test.vcxproj", "{92FA64F4-0618-4602-B59C-7B12016BDC03}"
	ProjectSection(ProjectDependencies) = postProject
		{CEB0251F-5844-4E27-B668-052435A452DC} = {CEB0251F-5844-4E27-B668-052435A452DC}
		{BF0B29D9-E099-454D-A28C-3625309A182D} = {BF0B29D9-E099-454D-A28C-3625309A182D}
		{6E7EC1DF-205B-4A75-B3F2-7364E315FABB} = {6E7EC1DF-205B-4A75-B3F2-7364E315FABB}
	EndProjectSection
EndProject
Project("{8BC9CEB8-8B4A-11D0-8D11-00A0C91BC942}") = "lambda_p_repl", "lambda_p_repl\lambda_p_repl.vcxproj", "{CEB0251F-5844-4E27-B668-052435A452DC}"
	ProjectSection(ProjectDependencies) = postProject
		{BF0B29D9-E099-454D-A28C-3625309A182D} = {BF0B29D9-E099-454D-A28C-3625309A182D}
		{6E7EC1DF-205B-4A75-B3F2-7364E315FABB} = {6E7EC1DF-205B-4A75-B3F2-7364E315FABB}
	EndProjectSection
EndProject
Project("{8BC9CEB8-8B4A-11D0-8D11-00A0C91BC942}") = "lambda_p_repl_entry", "lambda_p_repl_entry\lambda_p_repl_entry.vcxproj", "{59E61827-D9B0-4840-B2ED-3FA75EFD3ECC}"
	ProjectSection(ProjectDependencies) = postProject
		{CEB0251F-5844-4E27-B668-052435A452DC} = {CEB0251F-5844-4E27-B668-052435A452DC}
		{BF0B29D9-E099-454D-A28C-3625309A182D} = {BF0B29D9-E099-454D-A28C-3625309A182D}
	EndProjectSection
EndProject
Project("{8BC9CEB8-8B4A-11D0-8D11-00A0C91BC942}") = "lambda_p_llvm", "lambda_p_llvm\lambda_p_llvm.vcxproj", "{6E7EC1DF-205B-4A75-B3F2-7364E315FABB}"
EndProject
Project("{2150E333-8FDC-42A3-9474-1A3956D46DE8}") = "examples", "examples", "{0F5C04DF-031F-43B6-AFD0-12E4A2A3FED6}"
	ProjectSection(SolutionItems) = preProject
		examples\hello.lp = examples\hello.lp
		examples\test.lp = examples\test.lp
	EndProjectSection
EndProject
Global
	GlobalSection(SolutionConfigurationPlatforms) = preSolution
		Debug|Win32 = Debug|Win32
		Debug|x64 = Debug|x64
		Release|Win32 = Release|Win32
		Release|x64 = Release|x64
	EndGlobalSection
	GlobalSection(ProjectConfigurationPlatforms) = postSolution
		{BF0B29D9-E099-454D-A28C-3625309A182D}.Debug|Win32.ActiveCfg = Debug|Win32
		{BF0B29D9-E099-454D-A28C-3625309A182D}.Debug|Win32.Build.0 = Debug|Win32
		{BF0B29D9-E099-454D-A28C-3625309A182D}.Debug|x64.ActiveCfg = Debug|x64
		{BF0B29D9-E099-454D-A28C-3625309A182D}.Debug|x64.Build.0 = Debug|x64
		{BF0B29D9-E099-454D-A28C-3625309A182D}.Release|Win32.ActiveCfg = Release|Win32
		{BF0B29D9-E099-454D-A28C-3625309A182D}.Release|Win32.Build.0 = Release|Win32
		{BF0B29D9-E099-454D-A28C-3625309A182D}.Release|x64.ActiveCfg = Release|x64
		{BF0B29D9-E099-454D-A28C-3625309A182D}.Release|x64.Build.0 = Release|x64
		{92FA64F4-0618-4602-B59C-7B12016BDC03}.Debug|Win32.ActiveCfg = Debug|Win32
		{92FA64F4-0618-4602-B59C-7B12016BDC03}.Debug|Win32.Build.0 = Debug|Win32
		{92FA64F4-0618-4602-B59C-7B12016BDC03}.Debug|x64.ActiveCfg = Debug|x64
		{92FA64F4-0618-4602-B59C-7B12016BDC03}.Debug|x64.Build.0 = Debug|x64
		{92FA64F4-0618-4602-B59C-7B12016BDC03}.Release|Win32.ActiveCfg = Release|Win32
		{92FA64F4-0618-4602-B59C-7B12016BDC03}.Release|Win32.Build.0 = Release|Win32
		{92FA64F4-0618-4602-B59C-7B12016BDC03}.Release|x64.ActiveCfg = Release|x64
		{92FA64F4-0618-4602-B59C-7B12016BDC03}.Release|x64.Build.0 = Release|x64
		{CEB0251F-5844-4E27-B668-052435A452DC}.Debug|Win32.ActiveCfg = Debug|Win32
		{CEB0251F-5844-4E27-B668-052435A452DC}.Debug|Win32.Build.0 = Debug|Win32
		{CEB0251F-5844-4E27-B668-052435A452DC}.Debug|x64.ActiveCfg = Debug|x64
		{CEB0251F-5844-4E27-B668-052435A452DC}.Debug|x64.Build.0 = Debug|x64
		{CEB0251F-5844-4E27-B668-052435A452DC}.Release|Win32.ActiveCfg = Release|Win32
		{CEB0251F-5844-4E27-B668-052435A452DC}.Release|Win32.Build.0 = Release|Win32
		{CEB0251F-5844-4E27-B668-052435A452DC}.Release|x64.ActiveCfg = Release|x64
		{CEB0251F-5844-4E27-B668-052435A452DC}.Release|x64.Build.0 = Release|x64
		{59E61827-D9B0-4840-B2ED-3FA75EFD3ECC}.Debug|Win32.ActiveCfg = Debug|Win32
		{59E61827-D9B0-4840-B2ED-3FA75EFD3ECC}.Debug|Win32.Build.0 = Debug|Win32
		{59E61827-D9B0-4840-B2ED-3FA75EFD3ECC}.Debug|x64.ActiveCfg = Debug|x64
		{59E61827-D9B0-4840-B2ED-3FA75EFD3ECC}.Debug|x64.Build.0 = Debug|x64
		{59E61827-D9B0-4840-B2ED-3FA75EFD3ECC}.Release|Win32.ActiveCfg = Release|Win32
		{59E61827-D9B0-4840-B2ED-3FA75EFD3ECC}.Release|Win32.Build.0 = Release|Win32
		{59E61827-D9B0-4840-B2ED-3FA75EFD3ECC}.Release|x64.ActiveCfg = Release|x64
		{59E61827-D9B0-4840-B2ED-3FA75EFD3ECC}.Release|x64.Build.0 = Release|x64
		{6E7EC1DF-205B-4A75-B3F2-7364E315FABB}.Debug|Win32.ActiveCfg = Debug|Win32
		{6E7EC1DF-205B-4A75-B3F2-7364E315FABB}.Debug|Win32.Build.0 = Debug|Win32
		{6E7EC1DF-205B-4A75-B3F2-7364E315FABB}.Debug|x64.ActiveCfg = Debug|x64
		{6E7EC1DF-205B-4A75-B3F2-7364E315FABB}.Debug|x64.Build.0 = Debug|x64
		{6E7EC1DF-205B-4A75-B3F2-7364E315FABB}.Release|Win32.ActiveCfg = Release|Win32
		{6E7EC1DF-205B-4A75-B3F2-7364E315FABB}.Release|Win32.Build.0 = Release|Win32
		{6E7EC1DF-205B-4A75-B3F2-7364E315FABB}.Release|x64.ActiveCfg = Release|x64
		{6E7EC1DF-205B-4A75-B3F2-7364E315FABB}.Release|x64.Build.0 = Release|x64
	EndGlobalSection
	GlobalSection(SolutionProperties) = preSolution
		HideSolutionNode = FALSE
	EndGlobalSection
EndGlobal
