<?xml version="1.0" encoding="utf-8"?>
<Project ToolsVersion="4.0" xmlns="http://schemas.microsoft.com/developer/msbuild/2003">
  <ItemGroup>
    <ClCompile Include="tests.cpp" />
    <ClCompile Include="module\get_package.cpp">
      <Filter>module</Filter>
    </ClCompile>
    <ClCompile Include="module\add_package.cpp">
      <Filter>module</Filter>
    </ClCompile>
    <ClCompile Include="linker\link_modules.cpp">
      <Filter>linker</Filter>
    </ClCompile>
    <ClCompile Include="analyzer.cpp" />
    <ClCompile Include="extension.cpp" />
  </ItemGroup>
  <ItemGroup>
    <ClInclude Include="tests.h" />
    <ClInclude Include="module\get_package.h">
      <Filter>module</Filter>
    </ClInclude>
    <ClInclude Include="module\add_package.h">
      <Filter>module</Filter>
    </ClInclude>
    <ClInclude Include="linker\link_modules.h">
      <Filter>linker</Filter>
    </ClInclude>
    <ClInclude Include="analyzer.h" />
    <ClInclude Include="extension.h" />
  </ItemGroup>
  <ItemGroup>
    <Filter Include="module">
      <UniqueIdentifier>{180cf719-a564-4347-adad-a6b4939cad7c}</UniqueIdentifier>
    </Filter>
    <Filter Include="linker">
      <UniqueIdentifier>{f7b35197-5f73-4741-be19-e282095e7dcd}</UniqueIdentifier>
    </Filter>
  </ItemGroup>
</Project>