// !$*UTF8*$!
{
	archiveVersion = 1;
	classes = {
	};
	objectVersion = 46;
	objects = {

/* Begin PBXBuildFile section */
		4D473AC91410418100455A7E /* result_ref.cpp in Sources */ = {isa = PBXBuildFile; fileRef = 4D473AC51410418100455A7E /* result_ref.cpp */; };
		4D473ACA1410418100455A7E /* result_ref.h in Headers */ = {isa = PBXBuildFile; fileRef = 4D473AC61410418100455A7E /* result_ref.h */; };
		4D473ACB1410418100455A7E /* result.cpp in Sources */ = {isa = PBXBuildFile; fileRef = 4D473AC71410418100455A7E /* result.cpp */; };
		4D473ACC1410418100455A7E /* result.h in Headers */ = {isa = PBXBuildFile; fileRef = 4D473AC81410418100455A7E /* result.h */; };
		4D473AD81411867500455A7E /* control.cpp in Sources */ = {isa = PBXBuildFile; fileRef = 4D473AD21411867500455A7E /* control.cpp */; };
		4D473AD91411867500455A7E /* control.h in Headers */ = {isa = PBXBuildFile; fileRef = 4D473AD31411867500455A7E /* control.h */; };
		4D473ADA1411867500455A7E /* identifier.cpp in Sources */ = {isa = PBXBuildFile; fileRef = 4D473AD41411867500455A7E /* identifier.cpp */; };
		4D473ADB1411867500455A7E /* identifier.h in Headers */ = {isa = PBXBuildFile; fileRef = 4D473AD51411867500455A7E /* identifier.h */; };
		4D473ADC1411867500455A7E /* token.cpp in Sources */ = {isa = PBXBuildFile; fileRef = 4D473AD61411867500455A7E /* token.cpp */; };
		4D473ADD1411867500455A7E /* token.h in Headers */ = {isa = PBXBuildFile; fileRef = 4D473AD71411867500455A7E /* token.h */; };
		4D473ADF1411867D00455A7E /* simple_lexer.h in Headers */ = {isa = PBXBuildFile; fileRef = 4D473ADE1411867D00455A7E /* simple_lexer.h */; };
		CF7596EA140F1BD0001EDBB9 /* data.cpp in Sources */ = {isa = PBXBuildFile; fileRef = CF7596E0140F1BD0001EDBB9 /* data.cpp */; };
		CF7596EB140F1BD0001EDBB9 /* data.h in Headers */ = {isa = PBXBuildFile; fileRef = CF7596E1140F1BD0001EDBB9 /* data.h */; };
		CF7596EE140F1BD0001EDBB9 /* node.cpp in Sources */ = {isa = PBXBuildFile; fileRef = CF7596E4140F1BD0001EDBB9 /* node.cpp */; };
		CF7596EF140F1BD0001EDBB9 /* node.h in Headers */ = {isa = PBXBuildFile; fileRef = CF7596E5140F1BD0001EDBB9 /* node.h */; };
		CF7596F0140F1BD0001EDBB9 /* routine.cpp in Sources */ = {isa = PBXBuildFile; fileRef = CF7596E6140F1BD0001EDBB9 /* routine.cpp */; };
		CF7596F1140F1BD0001EDBB9 /* routine.h in Headers */ = {isa = PBXBuildFile; fileRef = CF7596E7140F1BD0001EDBB9 /* routine.h */; };
		CF7596F2140F1BD0001EDBB9 /* statement.cpp in Sources */ = {isa = PBXBuildFile; fileRef = CF7596E8140F1BD0001EDBB9 /* statement.cpp */; };
		CF7596F3140F1BD0001EDBB9 /* statement.h in Headers */ = {isa = PBXBuildFile; fileRef = CF7596E9140F1BD0001EDBB9 /* statement.h */; };
		CF7596F6140F1BE2001EDBB9 /* simple.h in Headers */ = {isa = PBXBuildFile; fileRef = CF7596F5140F1BE2001EDBB9 /* simple.h */; };
		CF7596FC140F2401001EDBB9 /* parameter_ref.h in Headers */ = {isa = PBXBuildFile; fileRef = CF7596FB140F2401001EDBB9 /* parameter_ref.h */; };
		CF7596FE140F2413001EDBB9 /* parameter_ref.cpp in Sources */ = {isa = PBXBuildFile; fileRef = CF7596FD140F2413001EDBB9 /* parameter_ref.cpp */; };
/* End PBXBuildFile section */

/* Begin PBXFileReference section */
		4D473AC51410418100455A7E /* result_ref.cpp */ = {isa = PBXFileReference; fileEncoding = 4; lastKnownFileType = sourcecode.cpp.cpp; name = result_ref.cpp; path = core/result_ref.cpp; sourceTree = "<group>"; };
		4D473AC61410418100455A7E /* result_ref.h */ = {isa = PBXFileReference; fileEncoding = 4; lastKnownFileType = sourcecode.c.h; name = result_ref.h; path = core/result_ref.h; sourceTree = "<group>"; };
		4D473AC71410418100455A7E /* result.cpp */ = {isa = PBXFileReference; fileEncoding = 4; lastKnownFileType = sourcecode.cpp.cpp; name = result.cpp; path = core/result.cpp; sourceTree = "<group>"; };
		4D473AC81410418100455A7E /* result.h */ = {isa = PBXFileReference; fileEncoding = 4; lastKnownFileType = sourcecode.c.h; name = result.h; path = core/result.h; sourceTree = "<group>"; };
		4D473AD21411867500455A7E /* control.cpp */ = {isa = PBXFileReference; fileEncoding = 4; lastKnownFileType = sourcecode.cpp.cpp; name = control.cpp; path = tokens/control.cpp; sourceTree = "<group>"; };
		4D473AD31411867500455A7E /* control.h */ = {isa = PBXFileReference; fileEncoding = 4; lastKnownFileType = sourcecode.c.h; name = control.h; path = tokens/control.h; sourceTree = "<group>"; };
		4D473AD41411867500455A7E /* identifier.cpp */ = {isa = PBXFileReference; fileEncoding = 4; lastKnownFileType = sourcecode.cpp.cpp; name = identifier.cpp; path = tokens/identifier.cpp; sourceTree = "<group>"; };
		4D473AD51411867500455A7E /* identifier.h */ = {isa = PBXFileReference; fileEncoding = 4; lastKnownFileType = sourcecode.c.h; name = identifier.h; path = tokens/identifier.h; sourceTree = "<group>"; };
		4D473AD61411867500455A7E /* token.cpp */ = {isa = PBXFileReference; fileEncoding = 4; lastKnownFileType = sourcecode.cpp.cpp; name = token.cpp; path = tokens/token.cpp; sourceTree = "<group>"; };
		4D473AD71411867500455A7E /* token.h */ = {isa = PBXFileReference; fileEncoding = 4; lastKnownFileType = sourcecode.c.h; name = token.h; path = tokens/token.h; sourceTree = "<group>"; };
		4D473ADE1411867D00455A7E /* simple_lexer.h */ = {isa = PBXFileReference; fileEncoding = 4; lastKnownFileType = sourcecode.c.h; name = simple_lexer.h; path = serialization/simple_lexer.h; sourceTree = "<group>"; };
		CF7596BB140F1AC6001EDBB9 /* liblambda_p.a */ = {isa = PBXFileReference; explicitFileType = archive.ar; includeInIndex = 0; path = liblambda_p.a; sourceTree = BUILT_PRODUCTS_DIR; };
		CF7596E0140F1BD0001EDBB9 /* data.cpp */ = {isa = PBXFileReference; fileEncoding = 4; lastKnownFileType = sourcecode.cpp.cpp; name = data.cpp; path = core/data.cpp; sourceTree = "<group>"; };
		CF7596E1140F1BD0001EDBB9 /* data.h */ = {isa = PBXFileReference; fileEncoding = 4; lastKnownFileType = sourcecode.c.h; name = data.h; path = core/data.h; sourceTree = "<group>"; };
		CF7596E4140F1BD0001EDBB9 /* node.cpp */ = {isa = PBXFileReference; fileEncoding = 4; lastKnownFileType = sourcecode.cpp.cpp; name = node.cpp; path = core/node.cpp; sourceTree = "<group>"; };
		CF7596E5140F1BD0001EDBB9 /* node.h */ = {isa = PBXFileReference; fileEncoding = 4; lastKnownFileType = sourcecode.c.h; name = node.h; path = core/node.h; sourceTree = "<group>"; };
		CF7596E6140F1BD0001EDBB9 /* routine.cpp */ = {isa = PBXFileReference; fileEncoding = 4; lastKnownFileType = sourcecode.cpp.cpp; name = routine.cpp; path = core/routine.cpp; sourceTree = "<group>"; };
		CF7596E7140F1BD0001EDBB9 /* routine.h */ = {isa = PBXFileReference; fileEncoding = 4; lastKnownFileType = sourcecode.c.h; name = routine.h; path = core/routine.h; sourceTree = "<group>"; };
		CF7596E8140F1BD0001EDBB9 /* statement.cpp */ = {isa = PBXFileReference; fileEncoding = 4; lastKnownFileType = sourcecode.cpp.cpp; name = statement.cpp; path = core/statement.cpp; sourceTree = "<group>"; };
		CF7596E9140F1BD0001EDBB9 /* statement.h */ = {isa = PBXFileReference; fileEncoding = 4; lastKnownFileType = sourcecode.c.h; name = statement.h; path = core/statement.h; sourceTree = "<group>"; };
		CF7596F5140F1BE2001EDBB9 /* simple.h */ = {isa = PBXFileReference; fileEncoding = 4; lastKnownFileType = sourcecode.c.h; name = simple.h; path = serialization/simple.h; sourceTree = "<group>"; };
		CF7596FB140F2401001EDBB9 /* parameter_ref.h */ = {isa = PBXFileReference; fileEncoding = 4; lastKnownFileType = sourcecode.c.h; name = parameter_ref.h; path = core/parameter_ref.h; sourceTree = "<group>"; };
		CF7596FD140F2413001EDBB9 /* parameter_ref.cpp */ = {isa = PBXFileReference; fileEncoding = 4; lastKnownFileType = sourcecode.cpp.cpp; name = parameter_ref.cpp; path = core/parameter_ref.cpp; sourceTree = "<group>"; };
/* End PBXFileReference section */

/* Begin PBXFrameworksBuildPhase section */
		CF7596B8140F1AC6001EDBB9 /* Frameworks */ = {
			isa = PBXFrameworksBuildPhase;
			buildActionMask = 2147483647;
			files = (
			);
			runOnlyForDeploymentPostprocessing = 0;
		};
/* End PBXFrameworksBuildPhase section */

/* Begin PBXGroup section */
		4D473AD11411866700455A7E /* tokens */ = {
			isa = PBXGroup;
			children = (
				4D473AD21411867500455A7E /* control.cpp */,
				4D473AD31411867500455A7E /* control.h */,
				4D473AD41411867500455A7E /* identifier.cpp */,
				4D473AD51411867500455A7E /* identifier.h */,
				4D473AD61411867500455A7E /* token.cpp */,
				4D473AD71411867500455A7E /* token.h */,
			);
			name = tokens;
			sourceTree = "<group>";
		};
		CF7596B0140F1AC6001EDBB9 = {
			isa = PBXGroup;
			children = (
				4D473AD11411866700455A7E /* tokens */,
				CF7596F4140F1BD5001EDBB9 /* serialization */,
				CF7596DF140F1BBC001EDBB9 /* core */,
				CF7596BC140F1AC6001EDBB9 /* Products */,
			);
			sourceTree = "<group>";
		};
		CF7596BC140F1AC6001EDBB9 /* Products */ = {
			isa = PBXGroup;
			children = (
				CF7596BB140F1AC6001EDBB9 /* liblambda_p.a */,
			);
			name = Products;
			sourceTree = "<group>";
		};
		CF7596DF140F1BBC001EDBB9 /* core */ = {
			isa = PBXGroup;
			children = (
				4D473AC51410418100455A7E /* result_ref.cpp */,
				4D473AC61410418100455A7E /* result_ref.h */,
				4D473AC71410418100455A7E /* result.cpp */,
				4D473AC81410418100455A7E /* result.h */,
				CF7596E0140F1BD0001EDBB9 /* data.cpp */,
				CF7596E1140F1BD0001EDBB9 /* data.h */,
				CF7596E4140F1BD0001EDBB9 /* node.cpp */,
				CF7596E5140F1BD0001EDBB9 /* node.h */,
				CF7596E6140F1BD0001EDBB9 /* routine.cpp */,
				CF7596E7140F1BD0001EDBB9 /* routine.h */,
				CF7596E8140F1BD0001EDBB9 /* statement.cpp */,
				CF7596E9140F1BD0001EDBB9 /* statement.h */,
				CF7596FD140F2413001EDBB9 /* parameter_ref.cpp */,
				CF7596FB140F2401001EDBB9 /* parameter_ref.h */,
			);
			name = core;
			sourceTree = "<group>";
		};
		CF7596F4140F1BD5001EDBB9 /* serialization */ = {
			isa = PBXGroup;
			children = (
				4D473ADE1411867D00455A7E /* simple_lexer.h */,
				CF7596F5140F1BE2001EDBB9 /* simple.h */,
			);
			name = serialization;
			sourceTree = "<group>";
		};
/* End PBXGroup section */

/* Begin PBXHeadersBuildPhase section */
		CF7596B9140F1AC6001EDBB9 /* Headers */ = {
			isa = PBXHeadersBuildPhase;
			buildActionMask = 2147483647;
			files = (
				CF7596EB140F1BD0001EDBB9 /* data.h in Headers */,
				CF7596EF140F1BD0001EDBB9 /* node.h in Headers */,
				CF7596F1140F1BD0001EDBB9 /* routine.h in Headers */,
				CF7596F3140F1BD0001EDBB9 /* statement.h in Headers */,
				CF7596F6140F1BE2001EDBB9 /* simple.h in Headers */,
				CF7596FC140F2401001EDBB9 /* parameter_ref.h in Headers */,
				4D473ACA1410418100455A7E /* result_ref.h in Headers */,
				4D473ACC1410418100455A7E /* result.h in Headers */,
				4D473AD91411867500455A7E /* control.h in Headers */,
				4D473ADB1411867500455A7E /* identifier.h in Headers */,
				4D473ADD1411867500455A7E /* token.h in Headers */,
				4D473ADF1411867D00455A7E /* simple_lexer.h in Headers */,
			);
			runOnlyForDeploymentPostprocessing = 0;
		};
/* End PBXHeadersBuildPhase section */

/* Begin PBXNativeTarget section */
		CF7596BA140F1AC6001EDBB9 /* lambda_p */ = {
			isa = PBXNativeTarget;
			buildConfigurationList = CF7596BF140F1AC6001EDBB9 /* Build configuration list for PBXNativeTarget "lambda_p" */;
			buildPhases = (
				CF7596B7140F1AC6001EDBB9 /* Sources */,
				CF7596B8140F1AC6001EDBB9 /* Frameworks */,
				CF7596B9140F1AC6001EDBB9 /* Headers */,
			);
			buildRules = (
			);
			dependencies = (
			);
			name = lambda_p;
			productName = lambda_p;
			productReference = CF7596BB140F1AC6001EDBB9 /* liblambda_p.a */;
			productType = "com.apple.product-type.library.static";
		};
/* End PBXNativeTarget section */

/* Begin PBXProject section */
		CF7596B2140F1AC6001EDBB9 /* Project object */ = {
			isa = PBXProject;
			buildConfigurationList = CF7596B5140F1AC6001EDBB9 /* Build configuration list for PBXProject "lambda_p" */;
			compatibilityVersion = "Xcode 3.2";
			developmentRegion = English;
			hasScannedForEncodings = 0;
			knownRegions = (
				en,
			);
			mainGroup = CF7596B0140F1AC6001EDBB9;
			productRefGroup = CF7596BC140F1AC6001EDBB9 /* Products */;
			projectDirPath = "";
			projectRoot = "";
			targets = (
				CF7596BA140F1AC6001EDBB9 /* lambda_p */,
			);
		};
/* End PBXProject section */

/* Begin PBXSourcesBuildPhase section */
		CF7596B7140F1AC6001EDBB9 /* Sources */ = {
			isa = PBXSourcesBuildPhase;
			buildActionMask = 2147483647;
			files = (
				CF7596EA140F1BD0001EDBB9 /* data.cpp in Sources */,
				CF7596EE140F1BD0001EDBB9 /* node.cpp in Sources */,
				CF7596F0140F1BD0001EDBB9 /* routine.cpp in Sources */,
				CF7596F2140F1BD0001EDBB9 /* statement.cpp in Sources */,
				CF7596FE140F2413001EDBB9 /* parameter_ref.cpp in Sources */,
				4D473AC91410418100455A7E /* result_ref.cpp in Sources */,
				4D473ACB1410418100455A7E /* result.cpp in Sources */,
				4D473AD81411867500455A7E /* control.cpp in Sources */,
				4D473ADA1411867500455A7E /* identifier.cpp in Sources */,
				4D473ADC1411867500455A7E /* token.cpp in Sources */,
			);
			runOnlyForDeploymentPostprocessing = 0;
		};
/* End PBXSourcesBuildPhase section */

/* Begin XCBuildConfiguration section */
		CF7596BD140F1AC6001EDBB9 /* Debug */ = {
			isa = XCBuildConfiguration;
			buildSettings = {
				ALWAYS_SEARCH_USER_PATHS = NO;
				ARCHS = "$(ARCHS_STANDARD_64_BIT)";
				COPY_PHASE_STRIP = NO;
				GCC_C_LANGUAGE_STANDARD = gnu99;
				GCC_DYNAMIC_NO_PIC = NO;
				GCC_ENABLE_OBJC_EXCEPTIONS = YES;
				GCC_OPTIMIZATION_LEVEL = 0;
				GCC_PREPROCESSOR_DEFINITIONS = (
					"DEBUG=1",
					"$(inherited)",
				);
				GCC_SYMBOLS_PRIVATE_EXTERN = NO;
				GCC_VERSION = com.apple.compilers.llvm.clang.1_0;
				GCC_WARN_64_TO_32_BIT_CONVERSION = YES;
				GCC_WARN_ABOUT_MISSING_PROTOTYPES = YES;
				GCC_WARN_ABOUT_RETURN_TYPE = YES;
				GCC_WARN_UNUSED_VARIABLE = YES;
				HEADER_SEARCH_PATHS = (
					/Users/clemahieu/Downloads/boost_1_47_0,
					..,
					/Users/colinlemahieu/Downloads/boost_1_47_0,
				);
				MACOSX_DEPLOYMENT_TARGET = 10.7;
				ONLY_ACTIVE_ARCH = YES;
				SDKROOT = macosx;
			};
			name = Debug;
		};
		CF7596BE140F1AC6001EDBB9 /* Release */ = {
			isa = XCBuildConfiguration;
			buildSettings = {
				ALWAYS_SEARCH_USER_PATHS = NO;
				ARCHS = "$(ARCHS_STANDARD_64_BIT)";
				COPY_PHASE_STRIP = YES;
				DEBUG_INFORMATION_FORMAT = "dwarf-with-dsym";
				GCC_C_LANGUAGE_STANDARD = gnu99;
				GCC_ENABLE_OBJC_EXCEPTIONS = YES;
				GCC_VERSION = com.apple.compilers.llvm.clang.1_0;
				GCC_WARN_64_TO_32_BIT_CONVERSION = YES;
				GCC_WARN_ABOUT_MISSING_PROTOTYPES = YES;
				GCC_WARN_ABOUT_RETURN_TYPE = YES;
				GCC_WARN_UNUSED_VARIABLE = YES;
				HEADER_SEARCH_PATHS = (
					/Users/clemahieu/Downloads/boost_1_47_0,
					..,
					/Users/colinlemahieu/Downloads/boost_1_47_0,
				);
				MACOSX_DEPLOYMENT_TARGET = 10.7;
				SDKROOT = macosx;
			};
			name = Release;
		};
		CF7596C0140F1AC6001EDBB9 /* Debug */ = {
			isa = XCBuildConfiguration;
			buildSettings = {
				EXECUTABLE_PREFIX = lib;
				PRODUCT_NAME = "$(TARGET_NAME)";
			};
			name = Debug;
		};
		CF7596C1140F1AC6001EDBB9 /* Release */ = {
			isa = XCBuildConfiguration;
			buildSettings = {
				EXECUTABLE_PREFIX = lib;
				PRODUCT_NAME = "$(TARGET_NAME)";
			};
			name = Release;
		};
/* End XCBuildConfiguration section */

/* Begin XCConfigurationList section */
		CF7596B5140F1AC6001EDBB9 /* Build configuration list for PBXProject "lambda_p" */ = {
			isa = XCConfigurationList;
			buildConfigurations = (
				CF7596BD140F1AC6001EDBB9 /* Debug */,
				CF7596BE140F1AC6001EDBB9 /* Release */,
			);
			defaultConfigurationIsVisible = 0;
			defaultConfigurationName = Release;
		};
		CF7596BF140F1AC6001EDBB9 /* Build configuration list for PBXNativeTarget "lambda_p" */ = {
			isa = XCConfigurationList;
			buildConfigurations = (
				CF7596C0140F1AC6001EDBB9 /* Debug */,
				CF7596C1140F1AC6001EDBB9 /* Release */,
			);
			defaultConfigurationIsVisible = 0;
			defaultConfigurationName = Release;
		};
/* End XCConfigurationList section */
	};
	rootObject = CF7596B2140F1AC6001EDBB9 /* Project object */;
}
