<?xml version="1.0" encoding="utf-8"?>
<Project ToolsVersion="4.0" xmlns="http://schemas.microsoft.com/developer/msbuild/2003">
  <ItemGroup>
    <ClCompile Include="filesystem_test.cpp" />
    <ClCompile Include="directory_iterator_test.cpp" />
    <ClCompile Include="tests.cpp" />
    <ClCompile Include="routine.cpp" />
    <ClCompile Include="scatter.cpp" />
  </ItemGroup>
  <ItemGroup>
    <ClInclude Include="filesystem_test.h" />
    <ClInclude Include="directory_iterator_test.h" />
    <ClInclude Include="tests.h" />
    <ClInclude Include="routine.h" />
    <ClInclude Include="scatter.h" />
  </ItemGroup>
</Project>