<?xml version="1.0" encoding="utf-8"?>
<Project ToolsVersion="4.0" xmlns="http://schemas.microsoft.com/developer/msbuild/2003">
  <ItemGroup>
    <ClCompile Include="repl.cpp" />
    <ClCompile Include="file_stream.cpp" />
    <ClCompile Include="api.cpp" />
    <ClCompile Include="quit\operation.cpp">
      <Filter>quit</Filter>
    </ClCompile>
    <ClCompile Include="data_stream.cpp" />
  </ItemGroup>
  <ItemGroup>
    <ClInclude Include="repl.h" />
    <ClInclude Include="file_stream.h" />
    <ClInclude Include="api.h" />
    <ClInclude Include="quit\operation.h">
      <Filter>quit</Filter>
    </ClInclude>
    <ClInclude Include="data_stream.h" />
  </ItemGroup>
  <ItemGroup>
    <Filter Include="quit">
      <UniqueIdentifier>{0fa27fe6-3e5f-4017-b0dc-0a42cbc64083}</UniqueIdentifier>
    </Filter>
  </ItemGroup>
</Project>