<?xml version="1.0" encoding="utf-8"?>
<Project ToolsVersion="4.0" xmlns="http://schemas.microsoft.com/developer/msbuild/2003">
  <ItemGroup>
    <ClCompile Include="repl.cpp" />
    <ClCompile Include="repl_quit_binder.cpp" />
    <ClCompile Include="hello_world_binder.cpp" />
    <ClCompile Include="echo_binder.cpp" />
    <ClCompile Include="routine_input.cpp" />
    <ClCompile Include="entry_routine.cpp" />
    <ClCompile Include="entry_environment.cpp" />
    <ClCompile Include="entry_input.cpp" />
    <ClCompile Include="dynamic_wprintf.cpp" />
    <ClCompile Include="wistream_input.cpp" />
    <ClCompile Include="istream_input.cpp" />
    <ClCompile Include="data_stream.cpp" />
    <ClCompile Include="routine_builder_binder.cpp" />
    <ClCompile Include="character_stream.cpp" />
    <ClCompile Include="data_stream_binder.cpp" />
    <ClCompile Include="file_stream_binder.cpp" />
    <ClCompile Include="file_stream.cpp" />
    <ClCompile Include="exec_binder.cpp" />
    <ClCompile Include="api.cpp" />
    <ClCompile Include="overlayed_functions.cpp" />
    <ClCompile Include="builder.cpp" />
  </ItemGroup>
  <ItemGroup>
    <ClInclude Include="repl.h" />
    <ClInclude Include="repl_quit_binder.h" />
    <ClInclude Include="hello_world_binder.h" />
    <ClInclude Include="echo_binder.h" />
    <ClInclude Include="routine_input.h" />
    <ClInclude Include="entry_routine.h" />
    <ClInclude Include="entry_environment.h" />
    <ClInclude Include="entry_input.h" />
    <ClInclude Include="dynamic_wprintf.h" />
    <ClInclude Include="wistream_input.h" />
    <ClInclude Include="istream_input.h" />
    <ClInclude Include="data_stream.h" />
    <ClInclude Include="routine_builder_binder.h" />
    <ClInclude Include="character_stream.h" />
    <ClInclude Include="data_stream_binder.h" />
    <ClInclude Include="file_stream_binder.h" />
    <ClInclude Include="file_stream.h" />
    <ClInclude Include="exec_binder.h" />
    <ClInclude Include="api.h" />
    <ClInclude Include="overlayed_functions.h" />
    <ClInclude Include="builder.h" />
  </ItemGroup>
</Project>