<?xml version="1.0" encoding="utf-8"?>
<Project ToolsVersion="4.0" xmlns="http://schemas.microsoft.com/developer/msbuild/2003">
  <ItemGroup>
    <ClInclude Include="errors\error.h">
      <Filter>errors</Filter>
    </ClInclude>
    <ClInclude Include="errors\error_list.h">
      <Filter>errors</Filter>
    </ClInclude>
    <ClInclude Include="errors\string_error.h">
      <Filter>errors</Filter>
    </ClInclude>
    <ClInclude Include="errors\error_target.h">
      <Filter>errors</Filter>
    </ClInclude>
    <ClInclude Include="node.h" />
    <ClInclude Include="reference.h" />
    <ClInclude Include="visitor.h" />
    <ClInclude Include="routine.h" />
    <ClInclude Include="expression.h" />
    <ClInclude Include="order.h" />
    <ClInclude Include="context.h" />
    <ClInclude Include="position.h" />
    <ClInclude Include="errors\error_context.h">
      <Filter>errors</Filter>
    </ClInclude>
    <ClInclude Include="segment.h" />
    <ClInclude Include="apply.h" />
    <ClInclude Include="cluster.h" />
    <ClInclude Include="parameters.h" />
  </ItemGroup>
  <ItemGroup>
    <ClCompile Include="errors\error.cpp">
      <Filter>errors</Filter>
    </ClCompile>
    <ClCompile Include="errors\error_list.cpp">
      <Filter>errors</Filter>
    </ClCompile>
    <ClCompile Include="errors\string_error.cpp">
      <Filter>errors</Filter>
    </ClCompile>
    <ClCompile Include="errors\error_target.cpp">
      <Filter>errors</Filter>
    </ClCompile>
    <ClCompile Include="node.cpp" />
    <ClCompile Include="reference.cpp" />
    <ClCompile Include="routine.cpp" />
    <ClCompile Include="expression.cpp" />
    <ClCompile Include="order.cpp" />
    <ClCompile Include="context.cpp" />
    <ClCompile Include="position.cpp" />
    <ClCompile Include="errors\error_context.cpp">
      <Filter>errors</Filter>
    </ClCompile>
    <ClCompile Include="apply.cpp" />
    <ClCompile Include="cluster.cpp" />
    <ClCompile Include="parameters.cpp" />
  </ItemGroup>
  <ItemGroup>
    <Filter Include="errors">
      <UniqueIdentifier>{2b58f1a6-998b-4372-86bc-2c5637129c69}</UniqueIdentifier>
    </Filter>
  </ItemGroup>
</Project>