// !$*UTF8*$!
{
	archiveVersion = 1;
	classes = {
	};
	objectVersion = 46;
	objects = {

/* Begin PBXBuildFile section */
		4DDD59ED1421A65E00C481E6 /* echo_binder.cpp in Sources */ = {isa = PBXBuildFile; fileRef = 4DDD59E51421A65E00C481E6 /* echo_binder.cpp */; };
		4DDD59EE1421A65E00C481E6 /* echo_binder.h in Headers */ = {isa = PBXBuildFile; fileRef = 4DDD59E61421A65E00C481E6 /* echo_binder.h */; };
		4DDD59EF1421A65E00C481E6 /* echo.cpp in Sources */ = {isa = PBXBuildFile; fileRef = 4DDD59E71421A65E00C481E6 /* echo.cpp */; };
		4DDD59F01421A65E00C481E6 /* echo.h in Headers */ = {isa = PBXBuildFile; fileRef = 4DDD59E81421A65E00C481E6 /* echo.h */; };
		4DDD59F11421A65E00C481E6 /* hello_world_binder.cpp in Sources */ = {isa = PBXBuildFile; fileRef = 4DDD59E91421A65E00C481E6 /* hello_world_binder.cpp */; };
		4DDD59F21421A65E00C481E6 /* hello_world_binder.h in Headers */ = {isa = PBXBuildFile; fileRef = 4DDD59EA1421A65E00C481E6 /* hello_world_binder.h */; };
		4DDD59F31421A65E00C481E6 /* hello_world.cpp in Sources */ = {isa = PBXBuildFile; fileRef = 4DDD59EB1421A65E00C481E6 /* hello_world.cpp */; };
		4DDD59F41421A65E00C481E6 /* hello_world.h in Headers */ = {isa = PBXBuildFile; fileRef = 4DDD59EC1421A65E00C481E6 /* hello_world.h */; };
		4DDD59FF1421A67000C481E6 /* repl_quit_binder.cpp in Sources */ = {isa = PBXBuildFile; fileRef = 4DDD59F51421A67000C481E6 /* repl_quit_binder.cpp */; };
		4DDD5A001421A67000C481E6 /* repl_quit_binder.h in Headers */ = {isa = PBXBuildFile; fileRef = 4DDD59F61421A67000C481E6 /* repl_quit_binder.h */; };
		4DDD5A011421A67000C481E6 /* repl_quit.cpp in Sources */ = {isa = PBXBuildFile; fileRef = 4DDD59F71421A67000C481E6 /* repl_quit.cpp */; };
		4DDD5A021421A67000C481E6 /* repl_quit.h in Headers */ = {isa = PBXBuildFile; fileRef = 4DDD59F81421A67000C481E6 /* repl_quit.h */; };
		4DDD5A031421A67000C481E6 /* repl.cpp in Sources */ = {isa = PBXBuildFile; fileRef = 4DDD59F91421A67000C481E6 /* repl.cpp */; };
		4DDD5A041421A67000C481E6 /* repl.h in Headers */ = {isa = PBXBuildFile; fileRef = 4DDD59FA1421A67000C481E6 /* repl.h */; };
		4DDD5A051421A67000C481E6 /* routine_input_binder.cpp in Sources */ = {isa = PBXBuildFile; fileRef = 4DDD59FB1421A67000C481E6 /* routine_input_binder.cpp */; };
		4DDD5A061421A67000C481E6 /* routine_input_binder.h in Headers */ = {isa = PBXBuildFile; fileRef = 4DDD59FC1421A67000C481E6 /* routine_input_binder.h */; };
		4DDD5A071421A67000C481E6 /* routine_input.cpp in Sources */ = {isa = PBXBuildFile; fileRef = 4DDD59FD1421A67000C481E6 /* routine_input.cpp */; };
		4DDD5A081421A67000C481E6 /* routine_input.h in Headers */ = {isa = PBXBuildFile; fileRef = 4DDD59FE1421A67000C481E6 /* routine_input.h */; };
/* End PBXBuildFile section */

/* Begin PBXFileReference section */
		4DDD59DE1421A62100C481E6 /* liblambda_p_repl.a */ = {isa = PBXFileReference; explicitFileType = archive.ar; includeInIndex = 0; path = liblambda_p_repl.a; sourceTree = BUILT_PRODUCTS_DIR; };
		4DDD59E51421A65E00C481E6 /* echo_binder.cpp */ = {isa = PBXFileReference; fileEncoding = 4; lastKnownFileType = sourcecode.cpp.cpp; path = echo_binder.cpp; sourceTree = "<group>"; };
		4DDD59E61421A65E00C481E6 /* echo_binder.h */ = {isa = PBXFileReference; fileEncoding = 4; lastKnownFileType = sourcecode.c.h; path = echo_binder.h; sourceTree = "<group>"; };
		4DDD59E71421A65E00C481E6 /* echo.cpp */ = {isa = PBXFileReference; fileEncoding = 4; lastKnownFileType = sourcecode.cpp.cpp; path = echo.cpp; sourceTree = "<group>"; };
		4DDD59E81421A65E00C481E6 /* echo.h */ = {isa = PBXFileReference; fileEncoding = 4; lastKnownFileType = sourcecode.c.h; path = echo.h; sourceTree = "<group>"; };
		4DDD59E91421A65E00C481E6 /* hello_world_binder.cpp */ = {isa = PBXFileReference; fileEncoding = 4; lastKnownFileType = sourcecode.cpp.cpp; path = hello_world_binder.cpp; sourceTree = "<group>"; };
		4DDD59EA1421A65E00C481E6 /* hello_world_binder.h */ = {isa = PBXFileReference; fileEncoding = 4; lastKnownFileType = sourcecode.c.h; path = hello_world_binder.h; sourceTree = "<group>"; };
		4DDD59EB1421A65E00C481E6 /* hello_world.cpp */ = {isa = PBXFileReference; fileEncoding = 4; lastKnownFileType = sourcecode.cpp.cpp; path = hello_world.cpp; sourceTree = "<group>"; };
		4DDD59EC1421A65E00C481E6 /* hello_world.h */ = {isa = PBXFileReference; fileEncoding = 4; lastKnownFileType = sourcecode.c.h; path = hello_world.h; sourceTree = "<group>"; };
		4DDD59F51421A67000C481E6 /* repl_quit_binder.cpp */ = {isa = PBXFileReference; fileEncoding = 4; lastKnownFileType = sourcecode.cpp.cpp; path = repl_quit_binder.cpp; sourceTree = "<group>"; };
		4DDD59F61421A67000C481E6 /* repl_quit_binder.h */ = {isa = PBXFileReference; fileEncoding = 4; lastKnownFileType = sourcecode.c.h; path = repl_quit_binder.h; sourceTree = "<group>"; };
		4DDD59F71421A67000C481E6 /* repl_quit.cpp */ = {isa = PBXFileReference; fileEncoding = 4; lastKnownFileType = sourcecode.cpp.cpp; path = repl_quit.cpp; sourceTree = "<group>"; };
		4DDD59F81421A67000C481E6 /* repl_quit.h */ = {isa = PBXFileReference; fileEncoding = 4; lastKnownFileType = sourcecode.c.h; path = repl_quit.h; sourceTree = "<group>"; };
		4DDD59F91421A67000C481E6 /* repl.cpp */ = {isa = PBXFileReference; fileEncoding = 4; lastKnownFileType = sourcecode.cpp.cpp; path = repl.cpp; sourceTree = "<group>"; };
		4DDD59FA1421A67000C481E6 /* repl.h */ = {isa = PBXFileReference; fileEncoding = 4; lastKnownFileType = sourcecode.c.h; path = repl.h; sourceTree = "<group>"; };
		4DDD59FB1421A67000C481E6 /* routine_input_binder.cpp */ = {isa = PBXFileReference; fileEncoding = 4; lastKnownFileType = sourcecode.cpp.cpp; path = routine_input_binder.cpp; sourceTree = "<group>"; };
		4DDD59FC1421A67000C481E6 /* routine_input_binder.h */ = {isa = PBXFileReference; fileEncoding = 4; lastKnownFileType = sourcecode.c.h; path = routine_input_binder.h; sourceTree = "<group>"; };
		4DDD59FD1421A67000C481E6 /* routine_input.cpp */ = {isa = PBXFileReference; fileEncoding = 4; lastKnownFileType = sourcecode.cpp.cpp; path = routine_input.cpp; sourceTree = "<group>"; };
		4DDD59FE1421A67000C481E6 /* routine_input.h */ = {isa = PBXFileReference; fileEncoding = 4; lastKnownFileType = sourcecode.c.h; path = routine_input.h; sourceTree = "<group>"; };
/* End PBXFileReference section */

/* Begin PBXFrameworksBuildPhase section */
		4DDD59DB1421A62100C481E6 /* Frameworks */ = {
			isa = PBXFrameworksBuildPhase;
			buildActionMask = 2147483647;
			files = (
			);
			runOnlyForDeploymentPostprocessing = 0;
		};
/* End PBXFrameworksBuildPhase section */

/* Begin PBXGroup section */
		4DDD59D31421A62100C481E6 = {
			isa = PBXGroup;
			children = (
				4DDD59F51421A67000C481E6 /* repl_quit_binder.cpp */,
				4DDD59F61421A67000C481E6 /* repl_quit_binder.h */,
				4DDD59F71421A67000C481E6 /* repl_quit.cpp */,
				4DDD59F81421A67000C481E6 /* repl_quit.h */,
				4DDD59F91421A67000C481E6 /* repl.cpp */,
				4DDD59FA1421A67000C481E6 /* repl.h */,
				4DDD59FB1421A67000C481E6 /* routine_input_binder.cpp */,
				4DDD59FC1421A67000C481E6 /* routine_input_binder.h */,
				4DDD59FD1421A67000C481E6 /* routine_input.cpp */,
				4DDD59FE1421A67000C481E6 /* routine_input.h */,
				4DDD59E51421A65E00C481E6 /* echo_binder.cpp */,
				4DDD59E61421A65E00C481E6 /* echo_binder.h */,
				4DDD59E71421A65E00C481E6 /* echo.cpp */,
				4DDD59E81421A65E00C481E6 /* echo.h */,
				4DDD59E91421A65E00C481E6 /* hello_world_binder.cpp */,
				4DDD59EA1421A65E00C481E6 /* hello_world_binder.h */,
				4DDD59EB1421A65E00C481E6 /* hello_world.cpp */,
				4DDD59EC1421A65E00C481E6 /* hello_world.h */,
				4DDD59DF1421A62100C481E6 /* Products */,
			);
			sourceTree = "<group>";
		};
		4DDD59DF1421A62100C481E6 /* Products */ = {
			isa = PBXGroup;
			children = (
				4DDD59DE1421A62100C481E6 /* liblambda_p_repl.a */,
			);
			name = Products;
			sourceTree = "<group>";
		};
/* End PBXGroup section */

/* Begin PBXHeadersBuildPhase section */
		4DDD59DC1421A62100C481E6 /* Headers */ = {
			isa = PBXHeadersBuildPhase;
			buildActionMask = 2147483647;
			files = (
				4DDD59EE1421A65E00C481E6 /* echo_binder.h in Headers */,
				4DDD59F01421A65E00C481E6 /* echo.h in Headers */,
				4DDD59F21421A65E00C481E6 /* hello_world_binder.h in Headers */,
				4DDD59F41421A65E00C481E6 /* hello_world.h in Headers */,
				4DDD5A001421A67000C481E6 /* repl_quit_binder.h in Headers */,
				4DDD5A021421A67000C481E6 /* repl_quit.h in Headers */,
				4DDD5A041421A67000C481E6 /* repl.h in Headers */,
				4DDD5A061421A67000C481E6 /* routine_input_binder.h in Headers */,
				4DDD5A081421A67000C481E6 /* routine_input.h in Headers */,
			);
			runOnlyForDeploymentPostprocessing = 0;
		};
/* End PBXHeadersBuildPhase section */

/* Begin PBXNativeTarget section */
		4DDD59DD1421A62100C481E6 /* lambda_p_repl */ = {
			isa = PBXNativeTarget;
			buildConfigurationList = 4DDD59E21421A62100C481E6 /* Build configuration list for PBXNativeTarget "lambda_p_repl" */;
			buildPhases = (
				4DDD59DA1421A62100C481E6 /* Sources */,
				4DDD59DB1421A62100C481E6 /* Frameworks */,
				4DDD59DC1421A62100C481E6 /* Headers */,
			);
			buildRules = (
			);
			dependencies = (
			);
			name = lambda_p_repl;
			productName = lambda_p_repl;
			productReference = 4DDD59DE1421A62100C481E6 /* liblambda_p_repl.a */;
			productType = "com.apple.product-type.library.static";
		};
/* End PBXNativeTarget section */

/* Begin PBXProject section */
		4DDD59D51421A62100C481E6 /* Project object */ = {
			isa = PBXProject;
			buildConfigurationList = 4DDD59D81421A62100C481E6 /* Build configuration list for PBXProject "lambda_p_repl" */;
			compatibilityVersion = "Xcode 3.2";
			developmentRegion = English;
			hasScannedForEncodings = 0;
			knownRegions = (
				en,
			);
			mainGroup = 4DDD59D31421A62100C481E6;
			productRefGroup = 4DDD59DF1421A62100C481E6 /* Products */;
			projectDirPath = "";
			projectRoot = "";
			targets = (
				4DDD59DD1421A62100C481E6 /* lambda_p_repl */,
			);
		};
/* End PBXProject section */

/* Begin PBXSourcesBuildPhase section */
		4DDD59DA1421A62100C481E6 /* Sources */ = {
			isa = PBXSourcesBuildPhase;
			buildActionMask = 2147483647;
			files = (
				4DDD59ED1421A65E00C481E6 /* echo_binder.cpp in Sources */,
				4DDD59EF1421A65E00C481E6 /* echo.cpp in Sources */,
				4DDD59F11421A65E00C481E6 /* hello_world_binder.cpp in Sources */,
				4DDD59F31421A65E00C481E6 /* hello_world.cpp in Sources */,
				4DDD59FF1421A67000C481E6 /* repl_quit_binder.cpp in Sources */,
				4DDD5A011421A67000C481E6 /* repl_quit.cpp in Sources */,
				4DDD5A031421A67000C481E6 /* repl.cpp in Sources */,
				4DDD5A051421A67000C481E6 /* routine_input_binder.cpp in Sources */,
				4DDD5A071421A67000C481E6 /* routine_input.cpp in Sources */,
			);
			runOnlyForDeploymentPostprocessing = 0;
		};
/* End PBXSourcesBuildPhase section */

/* Begin XCBuildConfiguration section */
		4DDD59E01421A62100C481E6 /* Debug */ = {
			isa = XCBuildConfiguration;
			buildSettings = {
				ALWAYS_SEARCH_USER_PATHS = NO;
				ARCHS = "$(ARCHS_STANDARD_64_BIT)";
				COPY_PHASE_STRIP = NO;
				GCC_C_LANGUAGE_STANDARD = gnu99;
				GCC_DYNAMIC_NO_PIC = NO;
				GCC_ENABLE_OBJC_EXCEPTIONS = YES;
				GCC_OPTIMIZATION_LEVEL = 0;
				GCC_PREPROCESSOR_DEFINITIONS = (
					"DEBUG=1",
					"$(inherited)",
				);
				GCC_SYMBOLS_PRIVATE_EXTERN = NO;
				GCC_VERSION = com.apple.compilers.llvm.clang.1_0;
				GCC_WARN_64_TO_32_BIT_CONVERSION = YES;
				GCC_WARN_ABOUT_MISSING_PROTOTYPES = YES;
				GCC_WARN_ABOUT_RETURN_TYPE = YES;
				GCC_WARN_UNUSED_VARIABLE = YES;
				MACOSX_DEPLOYMENT_TARGET = 10.7;
				ONLY_ACTIVE_ARCH = YES;
				SDKROOT = macosx;
			};
			name = Debug;
		};
		4DDD59E11421A62100C481E6 /* Release */ = {
			isa = XCBuildConfiguration;
			buildSettings = {
				ALWAYS_SEARCH_USER_PATHS = NO;
				ARCHS = "$(ARCHS_STANDARD_64_BIT)";
				COPY_PHASE_STRIP = YES;
				DEBUG_INFORMATION_FORMAT = "dwarf-with-dsym";
				GCC_C_LANGUAGE_STANDARD = gnu99;
				GCC_ENABLE_OBJC_EXCEPTIONS = YES;
				GCC_VERSION = com.apple.compilers.llvm.clang.1_0;
				GCC_WARN_64_TO_32_BIT_CONVERSION = YES;
				GCC_WARN_ABOUT_MISSING_PROTOTYPES = YES;
				GCC_WARN_ABOUT_RETURN_TYPE = YES;
				GCC_WARN_UNUSED_VARIABLE = YES;
				MACOSX_DEPLOYMENT_TARGET = 10.7;
				SDKROOT = macosx;
			};
			name = Release;
		};
		4DDD59E31421A62100C481E6 /* Debug */ = {
			isa = XCBuildConfiguration;
			buildSettings = {
				EXECUTABLE_PREFIX = lib;
				HEADER_SEARCH_PATHS = (
					/Users/colinlemahieu/Downloads/boost_1_47_0,
					/Users/clemahieu/Downloads/boost_1_47_0,
					..,
				);
				PRODUCT_NAME = "$(TARGET_NAME)";
			};
			name = Debug;
		};
		4DDD59E41421A62100C481E6 /* Release */ = {
			isa = XCBuildConfiguration;
			buildSettings = {
				EXECUTABLE_PREFIX = lib;
				HEADER_SEARCH_PATHS = (
					/Users/colinlemahieu/Downloads/boost_1_47_0,
					/Users/clemahieu/Downloads/boost_1_47_0,
					..,
				);
				PRODUCT_NAME = "$(TARGET_NAME)";
			};
			name = Release;
		};
/* End XCBuildConfiguration section */

/* Begin XCConfigurationList section */
		4DDD59D81421A62100C481E6 /* Build configuration list for PBXProject "lambda_p_repl" */ = {
			isa = XCConfigurationList;
			buildConfigurations = (
				4DDD59E01421A62100C481E6 /* Debug */,
				4DDD59E11421A62100C481E6 /* Release */,
			);
			defaultConfigurationIsVisible = 0;
			defaultConfigurationName = Release;
		};
		4DDD59E21421A62100C481E6 /* Build configuration list for PBXNativeTarget "lambda_p_repl" */ = {
			isa = XCConfigurationList;
			buildConfigurations = (
				4DDD59E31421A62100C481E6 /* Debug */,
				4DDD59E41421A62100C481E6 /* Release */,
			);
			defaultConfigurationIsVisible = 0;
		};
/* End XCConfigurationList section */
	};
	rootObject = 4DDD59D51421A62100C481E6 /* Project object */;
}
