<?xml version="1.0" encoding="utf-8"?>
<Project ToolsVersion="4.0" xmlns="http://schemas.microsoft.com/developer/msbuild/2003">
  <ItemGroup>
    <ClInclude Include="alloca_inst_binder.h" />
    <ClInclude Include="abort_binder.h" />
    <ClInclude Include="wprintf_function.h" />
    <ClInclude Include="generation_context.h" />
    <ClInclude Include="type.h" />
    <ClInclude Include="context.h" />
    <ClInclude Include="context_binder.h" />
    <ClInclude Include="type_binder.h" />
    <ClInclude Include="api.h" />
    <ClInclude Include="value.h" />
    <ClInclude Include="constant_int_binder.h" />
    <ClInclude Include="load_inst_binder.h" />
    <ClInclude Include="store_inst_binder.h" />
    <ClInclude Include="argument_binder.h" />
    <ClInclude Include="generator.h" />
    <ClInclude Include="struct_binder.h" />
    <ClInclude Include="abort_function.h" />
    <ClInclude Include="assemble_binder.h" />
    <ClInclude Include="module.h" />
    <ClInclude Include="overlay_binder.h" />
    <ClInclude Include="execution_engine_binder.h" />
    <ClInclude Include="execution_engine.h" />
    <ClInclude Include="module_binder.h" />
    <ClInclude Include="module_get_function.h" />
    <ClInclude Include="jit_function.h" />
    <ClInclude Include="type_inference.h" />
    <ClInclude Include="generator_value.h" />
    <ClInclude Include="subtract_binder.h" />
    <ClInclude Include="eq_binder.h" />
    <ClInclude Include="wstring_binder.h" />
    <ClInclude Include="malloc_function.h" />
    <ClInclude Include="memcpy_function.h" />
  </ItemGroup>
  <ItemGroup>
    <ClCompile Include="alloca_inst_binder.cpp" />
    <ClCompile Include="abort_binder.cpp" />
    <ClCompile Include="wprintf_function.cpp" />
    <ClCompile Include="generation_context.cpp" />
    <ClCompile Include="type.cpp" />
    <ClCompile Include="context.cpp" />
    <ClCompile Include="context_binder.cpp" />
    <ClCompile Include="type_binder.cpp" />
    <ClCompile Include="api.cpp" />
    <ClCompile Include="value.cpp" />
    <ClCompile Include="constant_int_binder.cpp" />
    <ClCompile Include="load_inst_binder.cpp" />
    <ClCompile Include="store_inst_binder.cpp" />
    <ClCompile Include="argument_binder.cpp" />
    <ClCompile Include="generator.cpp" />
    <ClCompile Include="struct_binder.cpp" />
    <ClCompile Include="abort_function.cpp" />
    <ClCompile Include="assemble_binder.cpp" />
    <ClCompile Include="module.cpp" />
    <ClCompile Include="overlay_binder.cpp" />
    <ClCompile Include="execution_engine_binder.cpp" />
    <ClCompile Include="execution_engine.cpp" />
    <ClCompile Include="module_binder.cpp" />
    <ClCompile Include="module_get_function.cpp" />
    <ClCompile Include="jit_function.cpp" />
    <ClCompile Include="type_inference.cpp" />
    <ClCompile Include="generator_value.cpp" />
    <ClCompile Include="subtract_binder.cpp" />
    <ClCompile Include="eq_binder.cpp" />
    <ClCompile Include="wstring_binder.cpp" />
    <ClCompile Include="malloc_function.cpp" />
    <ClCompile Include="memcpy_function.cpp" />
  </ItemGroup>
</Project>