<?xml version="1.0" encoding="utf-8"?>
<Project ToolsVersion="4.0" xmlns="http://schemas.microsoft.com/developer/msbuild/2003">
  <ItemGroup>
    <ClInclude Include="api.h" />
    <ClInclude Include="context\node.h">
      <Filter>context</Filter>
    </ClInclude>
    <ClInclude Include="context\create.h">
      <Filter>context</Filter>
    </ClInclude>
    <ClInclude Include="module\node.h">
      <Filter>module</Filter>
    </ClInclude>
    <ClInclude Include="module\assemble.h">
      <Filter>module</Filter>
    </ClInclude>
    <ClInclude Include="module\get_function.h">
      <Filter>module</Filter>
    </ClInclude>
    <ClInclude Include="execution_engine\create_jit.h">
      <Filter>execution_engine</Filter>
    </ClInclude>
    <ClInclude Include="execution_engine\node.h">
      <Filter>execution_engine</Filter>
    </ClInclude>
    <ClInclude Include="execution_engine\run_function.h">
      <Filter>execution_engine</Filter>
    </ClInclude>
    <ClInclude Include="execution_engine\generic_value\node.h">
      <Filter>execution_engine\generic_value</Filter>
    </ClInclude>
    <ClInclude Include="module\get_package.h">
      <Filter>module</Filter>
    </ClInclude>
    <ClInclude Include="module\add_package.h">
      <Filter>module</Filter>
    </ClInclude>
    <ClInclude Include="linker\link_modules.h">
      <Filter>linker</Filter>
    </ClInclude>
    <ClInclude Include="module\create.h">
      <Filter>module</Filter>
    </ClInclude>
    <ClInclude Include="compile\operation.h">
      <Filter>compile</Filter>
    </ClInclude>
    <ClInclude Include="basic_block\node.h">
      <Filter>basic_block</Filter>
    </ClInclude>
    <ClInclude Include="type\node.h">
      <Filter>type</Filter>
    </ClInclude>
    <ClInclude Include="value\node.h">
      <Filter>value</Filter>
    </ClInclude>
    <ClInclude Include="argument\node.h">
      <Filter>argument</Filter>
    </ClInclude>
    <ClInclude Include="module\verify.h">
      <Filter>module</Filter>
    </ClInclude>
    <ClInclude Include="operation.h" />
    <ClInclude Include="function\operation.h">
      <Filter>function</Filter>
    </ClInclude>
    <ClInclude Include="lambda\operation.h">
      <Filter>lambda</Filter>
    </ClInclude>
    <ClInclude Include="identity\operation.h">
      <Filter>identity</Filter>
    </ClInclude>
    <ClInclude Include="value\get_type.h">
      <Filter>value</Filter>
    </ClInclude>
    <ClInclude Include="function_pointer_type\node.h">
      <Filter>function_pointer_type</Filter>
    </ClInclude>
    <ClInclude Include="function_pointer\node.h">
      <Filter>function_pointer</Filter>
    </ClInclude>
    <ClInclude Include="pointer_type\node.h">
      <Filter>pointer_type</Filter>
    </ClInclude>
    <ClInclude Include="integer_type\node.h">
      <Filter>integer_type</Filter>
    </ClInclude>
    <ClInclude Include="integer_type\create.h">
      <Filter>integer_type</Filter>
    </ClInclude>
    <ClInclude Include="function\node.h">
      <Filter>function</Filter>
    </ClInclude>
    <ClInclude Include="execution_engine\generic_value\create_int.h">
      <Filter>execution_engine\generic_value</Filter>
    </ClInclude>
    <ClInclude Include="instructions\add.h">
      <Filter>instructions</Filter>
    </ClInclude>
    <ClInclude Include="instructions\mul.h">
      <Filter>instructions</Filter>
    </ClInclude>
    <ClInclude Include="instructions\sdiv.h">
      <Filter>instructions</Filter>
    </ClInclude>
    <ClInclude Include="instructions\srem.h">
      <Filter>instructions</Filter>
    </ClInclude>
    <ClInclude Include="instructions\sub.h">
      <Filter>instructions</Filter>
    </ClInclude>
    <ClInclude Include="instructions\udiv.h">
      <Filter>instructions</Filter>
    </ClInclude>
    <ClInclude Include="instructions\urem.h">
      <Filter>instructions</Filter>
    </ClInclude>
    <ClInclude Include="instructions\shl.h">
      <Filter>instructions</Filter>
    </ClInclude>
    <ClInclude Include="instructions\lshr.h">
      <Filter>instructions</Filter>
    </ClInclude>
    <ClInclude Include="instructions\ashr.h">
      <Filter>instructions</Filter>
    </ClInclude>
    <ClInclude Include="instructions\and.h">
      <Filter>instructions</Filter>
    </ClInclude>
    <ClInclude Include="instructions\or.h">
      <Filter>instructions</Filter>
    </ClInclude>
    <ClInclude Include="instructions\xor.h">
      <Filter>instructions</Filter>
    </ClInclude>
    <ClInclude Include="instructions\load.h">
      <Filter>instructions</Filter>
    </ClInclude>
    <ClInclude Include="instructions\store.h">
      <Filter>instructions</Filter>
    </ClInclude>
    <ClInclude Include="instructions\cmpxchg.h">
      <Filter>instructions</Filter>
    </ClInclude>
    <ClInclude Include="instructions\trunc.h">
      <Filter>instructions</Filter>
    </ClInclude>
    <ClInclude Include="value\get_context.h">
      <Filter>value</Filter>
    </ClInclude>
    <ClInclude Include="context\value.h">
      <Filter>context</Filter>
    </ClInclude>
    <ClInclude Include="analyzer\operation.h">
      <Filter>analyzer</Filter>
    </ClInclude>
    <ClInclude Include="apint\extension.h">
      <Filter>apint</Filter>
    </ClInclude>
    <ClInclude Include="apint\node.h">
      <Filter>apint</Filter>
    </ClInclude>
    <ClInclude Include="extension.h" />
    <ClInclude Include="types\integer.h">
      <Filter>types</Filter>
    </ClInclude>
    <ClInclude Include="types\void_c.h">
      <Filter>types</Filter>
    </ClInclude>
    <ClInclude Include="void_type\node.h">
      <Filter>void_type</Filter>
    </ClInclude>
    <ClInclude Include="types\pointer.h">
      <Filter>types</Filter>
    </ClInclude>
    <ClInclude Include="types\structure.h">
      <Filter>types</Filter>
    </ClInclude>
    <ClInclude Include="struct_type\node.h">
      <Filter>struct_type</Filter>
    </ClInclude>
    <ClInclude Include="array_type\node.h">
      <Filter>array_type</Filter>
    </ClInclude>
    <ClInclude Include="instructions\zext.h">
      <Filter>instructions</Filter>
    </ClInclude>
    <ClInclude Include="instructions\sext.h">
      <Filter>instructions</Filter>
    </ClInclude>
    <ClInclude Include="instructions\ptrtoint.h">
      <Filter>instructions</Filter>
    </ClInclude>
    <ClInclude Include="instructions\inttoptr.h">
      <Filter>instructions</Filter>
    </ClInclude>
    <ClInclude Include="instructions\bitcast.h">
      <Filter>instructions</Filter>
    </ClInclude>
    <ClInclude Include="instructions\icmp.h">
      <Filter>instructions</Filter>
    </ClInclude>
    <ClInclude Include="constants\integer.h">
      <Filter>constants</Filter>
    </ClInclude>
    <ClInclude Include="constant\node.h">
      <Filter>constant</Filter>
    </ClInclude>
    <ClInclude Include="constant_int\node.h">
      <Filter>constant_int</Filter>
    </ClInclude>
    <ClInclude Include="cluster.h" />
  </ItemGroup>
  <ItemGroup>
    <ClCompile Include="api.cpp" />
    <ClCompile Include="context\node.cpp">
      <Filter>context</Filter>
    </ClCompile>
    <ClCompile Include="context\create.cpp">
      <Filter>context</Filter>
    </ClCompile>
    <ClCompile Include="module\node.cpp">
      <Filter>module</Filter>
    </ClCompile>
    <ClCompile Include="module\assemble.cpp">
      <Filter>module</Filter>
    </ClCompile>
    <ClCompile Include="module\get_function.cpp">
      <Filter>module</Filter>
    </ClCompile>
    <ClCompile Include="execution_engine\create_jit.cpp">
      <Filter>execution_engine</Filter>
    </ClCompile>
    <ClCompile Include="execution_engine\node.cpp">
      <Filter>execution_engine</Filter>
    </ClCompile>
    <ClCompile Include="execution_engine\run_function.cpp">
      <Filter>execution_engine</Filter>
    </ClCompile>
    <ClCompile Include="execution_engine\generic_value\node.cpp">
      <Filter>execution_engine\generic_value</Filter>
    </ClCompile>
    <ClCompile Include="module\get_package.cpp">
      <Filter>module</Filter>
    </ClCompile>
    <ClCompile Include="module\add_package.cpp">
      <Filter>module</Filter>
    </ClCompile>
    <ClCompile Include="linker\link_modules.cpp">
      <Filter>linker</Filter>
    </ClCompile>
    <ClCompile Include="module\create.cpp">
      <Filter>module</Filter>
    </ClCompile>
    <ClCompile Include="compile\operation.cpp">
      <Filter>compile</Filter>
    </ClCompile>
    <ClCompile Include="basic_block\node.cpp">
      <Filter>basic_block</Filter>
    </ClCompile>
    <ClCompile Include="type\node.cpp">
      <Filter>type</Filter>
    </ClCompile>
    <ClCompile Include="value\node.cpp">
      <Filter>value</Filter>
    </ClCompile>
    <ClCompile Include="argument\node.cpp">
      <Filter>argument</Filter>
    </ClCompile>
    <ClCompile Include="module\verify.cpp">
      <Filter>module</Filter>
    </ClCompile>
    <ClCompile Include="operation.cpp" />
    <ClCompile Include="function\operation.cpp">
      <Filter>function</Filter>
    </ClCompile>
    <ClCompile Include="lambda\operation.cpp">
      <Filter>lambda</Filter>
    </ClCompile>
    <ClCompile Include="identity\operation.cpp">
      <Filter>identity</Filter>
    </ClCompile>
    <ClCompile Include="value\get_type.cpp">
      <Filter>value</Filter>
    </ClCompile>
    <ClCompile Include="function_pointer_type\node.cpp">
      <Filter>function_pointer_type</Filter>
    </ClCompile>
    <ClCompile Include="function_pointer\node.cpp">
      <Filter>function_pointer</Filter>
    </ClCompile>
    <ClCompile Include="pointer_type\node.cpp">
      <Filter>pointer_type</Filter>
    </ClCompile>
    <ClCompile Include="integer_type\node.cpp">
      <Filter>integer_type</Filter>
    </ClCompile>
    <ClCompile Include="integer_type\create.cpp">
      <Filter>integer_type</Filter>
    </ClCompile>
    <ClCompile Include="function\node.cpp">
      <Filter>function</Filter>
    </ClCompile>
    <ClCompile Include="execution_engine\generic_value\create_int.cpp">
      <Filter>execution_engine\generic_value</Filter>
    </ClCompile>
    <ClCompile Include="instructions\add.cpp">
      <Filter>instructions</Filter>
    </ClCompile>
    <ClCompile Include="instructions\mul.cpp">
      <Filter>instructions</Filter>
    </ClCompile>
    <ClCompile Include="instructions\sdiv.cpp">
      <Filter>instructions</Filter>
    </ClCompile>
    <ClCompile Include="instructions\srem.cpp">
      <Filter>instructions</Filter>
    </ClCompile>
    <ClCompile Include="instructions\sub.cpp">
      <Filter>instructions</Filter>
    </ClCompile>
    <ClCompile Include="instructions\udiv.cpp">
      <Filter>instructions</Filter>
    </ClCompile>
    <ClCompile Include="instructions\urem.cpp">
      <Filter>instructions</Filter>
    </ClCompile>
    <ClCompile Include="instructions\shl.cpp">
      <Filter>instructions</Filter>
    </ClCompile>
    <ClCompile Include="instructions\lshr.cpp">
      <Filter>instructions</Filter>
    </ClCompile>
    <ClCompile Include="instructions\ashr.cpp">
      <Filter>instructions</Filter>
    </ClCompile>
    <ClCompile Include="instructions\and.cpp">
      <Filter>instructions</Filter>
    </ClCompile>
    <ClCompile Include="instructions\or.cpp">
      <Filter>instructions</Filter>
    </ClCompile>
    <ClCompile Include="instructions\xor.cpp">
      <Filter>instructions</Filter>
    </ClCompile>
    <ClCompile Include="instructions\load.cpp">
      <Filter>instructions</Filter>
    </ClCompile>
    <ClCompile Include="instructions\store.cpp">
      <Filter>instructions</Filter>
    </ClCompile>
    <ClCompile Include="instructions\cmpxchg.cpp">
      <Filter>instructions</Filter>
    </ClCompile>
    <ClCompile Include="instructions\trunc.cpp">
      <Filter>instructions</Filter>
    </ClCompile>
    <ClCompile Include="value\get_context.cpp">
      <Filter>value</Filter>
    </ClCompile>
    <ClCompile Include="context\value.cpp">
      <Filter>context</Filter>
    </ClCompile>
    <ClCompile Include="analyzer\operation.cpp">
      <Filter>analyzer</Filter>
    </ClCompile>
    <ClCompile Include="apint\extension.cpp">
      <Filter>apint</Filter>
    </ClCompile>
    <ClCompile Include="apint\node.cpp">
      <Filter>apint</Filter>
    </ClCompile>
    <ClCompile Include="extension.cpp" />
    <ClCompile Include="types\integer.cpp">
      <Filter>types</Filter>
    </ClCompile>
    <ClCompile Include="types\void_c.cpp">
      <Filter>types</Filter>
    </ClCompile>
    <ClCompile Include="void_type\node.cpp">
      <Filter>void_type</Filter>
    </ClCompile>
    <ClCompile Include="types\pointer.cpp">
      <Filter>types</Filter>
    </ClCompile>
    <ClCompile Include="types\structure.cpp">
      <Filter>types</Filter>
    </ClCompile>
    <ClCompile Include="struct_type\node.cpp">
      <Filter>struct_type</Filter>
    </ClCompile>
    <ClCompile Include="array_type\node.cpp">
      <Filter>array_type</Filter>
    </ClCompile>
    <ClCompile Include="instructions\zext.cpp">
      <Filter>instructions</Filter>
    </ClCompile>
    <ClCompile Include="instructions\sext.cpp">
      <Filter>instructions</Filter>
    </ClCompile>
    <ClCompile Include="instructions\ptrtoint.cpp">
      <Filter>instructions</Filter>
    </ClCompile>
    <ClCompile Include="instructions\inttoptr.cpp">
      <Filter>instructions</Filter>
    </ClCompile>
    <ClCompile Include="instructions\bitcast.cpp">
      <Filter>instructions</Filter>
    </ClCompile>
    <ClCompile Include="instructions\icmp.cpp">
      <Filter>instructions</Filter>
    </ClCompile>
    <ClCompile Include="constants\integer.cpp">
      <Filter>constants</Filter>
    </ClCompile>
    <ClCompile Include="constant\node.cpp">
      <Filter>constant</Filter>
    </ClCompile>
    <ClCompile Include="constant_int\node.cpp">
      <Filter>constant_int</Filter>
    </ClCompile>
    <ClCompile Include="cluster.cpp" />
  </ItemGroup>
  <ItemGroup>
    <Filter Include="context">
      <UniqueIdentifier>{75ae2f59-bdcc-434d-96f1-73a1f496c4c6}</UniqueIdentifier>
    </Filter>
    <Filter Include="module">
      <UniqueIdentifier>{ad811557-3b2a-49ab-b3bc-f884d21887a7}</UniqueIdentifier>
    </Filter>
    <Filter Include="function">
      <UniqueIdentifier>{7e59110d-3157-4a8b-84a2-3820de0609e6}</UniqueIdentifier>
    </Filter>
    <Filter Include="execution_engine">
      <UniqueIdentifier>{37180ed4-a1eb-4f44-8721-1a291e5a8143}</UniqueIdentifier>
    </Filter>
    <Filter Include="execution_engine\generic_value">
      <UniqueIdentifier>{3cbcd04b-6836-45f0-8a7e-3c3970247dcf}</UniqueIdentifier>
    </Filter>
    <Filter Include="linker">
      <UniqueIdentifier>{f36cfcd0-93d1-41a0-b74b-3569ba804726}</UniqueIdentifier>
    </Filter>
    <Filter Include="compile">
      <UniqueIdentifier>{b2ed0bdf-bc77-495c-860b-0653d423d813}</UniqueIdentifier>
    </Filter>
    <Filter Include="basic_block">
      <UniqueIdentifier>{ea643011-a92b-42df-a42a-033608e7ca89}</UniqueIdentifier>
    </Filter>
    <Filter Include="type">
      <UniqueIdentifier>{b68bcb2d-05ba-426e-872c-bd39679b68d1}</UniqueIdentifier>
    </Filter>
    <Filter Include="value">
      <UniqueIdentifier>{a866286d-c3fe-4b20-96bb-b076cab16fc2}</UniqueIdentifier>
    </Filter>
    <Filter Include="argument">
      <UniqueIdentifier>{a23c64d0-58fd-4386-b345-5d477c89df09}</UniqueIdentifier>
    </Filter>
    <Filter Include="lambda">
      <UniqueIdentifier>{65cacd36-a07f-46ce-825e-589260c22485}</UniqueIdentifier>
    </Filter>
    <Filter Include="identity">
      <UniqueIdentifier>{79d379f4-7b05-4aa1-a698-27ef4f1e7a69}</UniqueIdentifier>
    </Filter>
    <Filter Include="function_pointer_type">
      <UniqueIdentifier>{2b1a3726-1fae-40b0-b8e2-330f459b2c5d}</UniqueIdentifier>
    </Filter>
    <Filter Include="function_pointer">
      <UniqueIdentifier>{29b15e6c-6db8-4d09-9e28-38384c883296}</UniqueIdentifier>
    </Filter>
    <Filter Include="pointer_type">
      <UniqueIdentifier>{61af682e-cde6-4d3a-a927-9447f60da2ae}</UniqueIdentifier>
    </Filter>
    <Filter Include="integer_type">
      <UniqueIdentifier>{53f089e5-94fd-418d-b09f-a61bedb86ca7}</UniqueIdentifier>
    </Filter>
    <Filter Include="instructions">
      <UniqueIdentifier>{ea269487-8832-4950-a40b-1735a60141c7}</UniqueIdentifier>
    </Filter>
    <Filter Include="analyzer">
      <UniqueIdentifier>{5413245f-7265-4e2b-8571-92aaeef80159}</UniqueIdentifier>
    </Filter>
    <Filter Include="apint">
      <UniqueIdentifier>{9ef1e6f6-b799-4160-a4bb-8ac5bd565747}</UniqueIdentifier>
    </Filter>
    <Filter Include="types">
      <UniqueIdentifier>{930f8607-2558-4731-998f-8fd31e10a151}</UniqueIdentifier>
    </Filter>
    <Filter Include="void_type">
      <UniqueIdentifier>{1ec6395a-d767-4dbe-b5e8-625b8dabd9db}</UniqueIdentifier>
    </Filter>
    <Filter Include="struct_type">
      <UniqueIdentifier>{708a5760-fe3d-4239-87f1-cc7adf1ecfb2}</UniqueIdentifier>
    </Filter>
    <Filter Include="array_type">
      <UniqueIdentifier>{e15f9203-1b6f-4712-8e36-67d67fc80c68}</UniqueIdentifier>
    </Filter>
    <Filter Include="constants">
      <UniqueIdentifier>{dd5960da-fde1-4c67-8d54-b11bf14d9500}</UniqueIdentifier>
    </Filter>
    <Filter Include="constant">
      <UniqueIdentifier>{561d1cef-65cb-4219-96fd-cb2b2f91c3f4}</UniqueIdentifier>
    </Filter>
    <Filter Include="constant_int">
      <UniqueIdentifier>{23a69bfb-2b12-4e85-a679-4831d21e6312}</UniqueIdentifier>
    </Filter>
  </ItemGroup>
  <ItemGroup>
    <None Include="instructions.lp" />
  </ItemGroup>
</Project>