<?xml version="1.0" encoding="utf-8"?>
<Project ToolsVersion="4.0" xmlns="http://schemas.microsoft.com/developer/msbuild/2003">
  <ItemGroup>
    <ClInclude Include="alloca_inst_binder.h" />
    <ClInclude Include="abort_binder.h" />
    <ClInclude Include="data_to_string_binder.h" />
    <ClInclude Include="llvm_generation_context.h" />
    <ClInclude Include="llvm_value.h" />
    <ClInclude Include="wprintf_function.h" />
  </ItemGroup>
  <ItemGroup>
    <ClCompile Include="alloca_inst_binder.cpp" />
    <ClCompile Include="abort_binder.cpp" />
    <ClCompile Include="data_to_string_binder.cpp" />
    <ClCompile Include="llvm_generation_context.cpp" />
    <ClCompile Include="llvm_value.cpp" />
    <ClCompile Include="wprintf_function.cpp" />
  </ItemGroup>
</Project>