<?xml version="1.0" encoding="utf-8"?>
<Project ToolsVersion="4.0" xmlns="http://schemas.microsoft.com/developer/msbuild/2003">
  <ItemGroup>
    <ClCompile Include="tests.cpp" />
    <ClCompile Include="routine.cpp" />
    <ClCompile Include="call.cpp" />
    <ClCompile Include="constant.cpp" />
    <ClCompile Include="expression.cpp" />
    <ClCompile Include="reference.cpp" />
    <ClCompile Include="operations\number\equal.cpp">
      <Filter>operations\number</Filter>
    </ClCompile>
  </ItemGroup>
  <ItemGroup>
    <ClInclude Include="tests.h" />
    <ClInclude Include="routine.h" />
    <ClInclude Include="call.h" />
    <ClInclude Include="constant.h" />
    <ClInclude Include="expression.h" />
    <ClInclude Include="reference.h" />
    <ClInclude Include="operations\number\equal.h">
      <Filter>operations\number</Filter>
    </ClInclude>
  </ItemGroup>
  <ItemGroup>
    <Filter Include="operations">
      <UniqueIdentifier>{157f20ca-5c14-45d9-b3b9-d4c44a196e8d}</UniqueIdentifier>
    </Filter>
    <Filter Include="operations\number">
      <UniqueIdentifier>{71585c9b-b15d-45dc-abe3-b2822e8ce8eb}</UniqueIdentifier>
    </Filter>
  </ItemGroup>
</Project>