<?xml version="1.0" encoding="utf-8"?>
<Project ToolsVersion="4.0" xmlns="http://schemas.microsoft.com/developer/msbuild/2003">
  <ItemGroup>
    <ClCompile Include="adata_test.cpp" />
    <ClCompile Include="apply_binder_test.cpp" />
    <ClCompile Include="bind_procedure_test_1.cpp" />
    <ClCompile Include="cvalue_test.cpp" />
    <ClCompile Include="list_test.cpp" />
    <ClCompile Include="loop_test.cpp" />
    <ClCompile Include="number_binder_test.cpp" />
    <ClCompile Include="package_test_1.cpp" />
    <ClCompile Include="routine_binder_test.cpp" />
    <ClCompile Include="times_test.cpp" />
    <ClCompile Include="unbindable_statement_test.cpp" />
  </ItemGroup>
  <ItemGroup>
    <ClInclude Include="adata_test.h" />
    <ClInclude Include="apply_binder_test.h" />
    <ClInclude Include="bind_procedure_test_1.h" />
    <ClInclude Include="cvalue_test.h" />
    <ClInclude Include="list_test.h" />
    <ClInclude Include="loop_test.h" />
    <ClInclude Include="number_binder_test.h" />
    <ClInclude Include="package_test_1.h" />
    <ClInclude Include="routine_binder_test.h" />
    <ClInclude Include="times_test.h" />
    <ClInclude Include="unbindable_statement_test.h" />
  </ItemGroup>
</Project>