<?xml version="1.0" encoding="utf-8"?>
<Project ToolsVersion="4.0" xmlns="http://schemas.microsoft.com/developer/msbuild/2003">
  <ItemGroup>
    <ClInclude Include="core\parameter_ref.h">
      <Filter>core</Filter>
    </ClInclude>
    <ClInclude Include="core\statement.h">
      <Filter>core</Filter>
    </ClInclude>
    <ClInclude Include="core\routine.h">
      <Filter>core</Filter>
    </ClInclude>
    <ClInclude Include="core\node.h">
      <Filter>core</Filter>
    </ClInclude>
    <ClInclude Include="core\data.h">
      <Filter>core</Filter>
    </ClInclude>
    <ClInclude Include="core\result.h">
      <Filter>core</Filter>
    </ClInclude>
    <ClInclude Include="core\result_ref.h">
      <Filter>core</Filter>
    </ClInclude>
    <ClInclude Include="serialization\simple.h">
      <Filter>serialization</Filter>
    </ClInclude>
    <ClInclude Include="tokens\token.h">
      <Filter>tokens</Filter>
    </ClInclude>
    <ClInclude Include="tokens\identifier.h">
      <Filter>tokens</Filter>
    </ClInclude>
    <ClInclude Include="tokens\declaration.h">
      <Filter>tokens</Filter>
    </ClInclude>
    <ClInclude Include="tokens\hex_data_token.h">
      <Filter>tokens</Filter>
    </ClInclude>
    <ClInclude Include="tokens\routine_end.h">
      <Filter>tokens</Filter>
    </ClInclude>
    <ClInclude Include="tokens\statement_end.h">
      <Filter>tokens</Filter>
    </ClInclude>
    <ClInclude Include="tokens\data_token.h">
      <Filter>tokens</Filter>
    </ClInclude>
    <ClInclude Include="tokens\complex_identifier.h">
      <Filter>tokens</Filter>
    </ClInclude>
    <ClInclude Include="serialization\lexer\simple_lexer.h">
      <Filter>serialization\lexer</Filter>
    </ClInclude>
    <ClInclude Include="serialization\lexer\state.h">
      <Filter>serialization\lexer</Filter>
    </ClInclude>
    <ClInclude Include="serialization\lexer\begin.h">
      <Filter>serialization\lexer</Filter>
    </ClInclude>
    <ClInclude Include="serialization\lexer\whitespace.h">
      <Filter>serialization\lexer</Filter>
    </ClInclude>
    <ClInclude Include="serialization\lexer\control.h">
      <Filter>serialization\lexer</Filter>
    </ClInclude>
    <ClInclude Include="serialization\lexer\multiline_comment.h">
      <Filter>serialization\lexer</Filter>
    </ClInclude>
    <ClInclude Include="serialization\lexer\singleline_comment.h">
      <Filter>serialization\lexer</Filter>
    </ClInclude>
    <ClInclude Include="serialization\lexer\manifest_data.h">
      <Filter>serialization\lexer</Filter>
    </ClInclude>
    <ClInclude Include="serialization\parser\parse_result.h">
      <Filter>serialization\parser</Filter>
    </ClInclude>
    <ClInclude Include="serialization\parser\result_position.h">
      <Filter>serialization\parser</Filter>
    </ClInclude>
    <ClInclude Include="serialization\parser\result_reference.h">
      <Filter>serialization\parser</Filter>
    </ClInclude>
    <ClInclude Include="serialization\parser\simple_parser.h">
      <Filter>serialization\parser</Filter>
    </ClInclude>
    <ClInclude Include="serialization\parser\state.h">
      <Filter>serialization\parser</Filter>
    </ClInclude>
    <ClInclude Include="serialization\lexer\identifier.h">
      <Filter>serialization\lexer</Filter>
    </ClInclude>
    <ClInclude Include="serialization\lexer\error.h">
      <Filter>serialization\lexer</Filter>
    </ClInclude>
    <ClInclude Include="serialization\parser\error.h">
      <Filter>serialization\parser</Filter>
    </ClInclude>
    <ClInclude Include="serialization\parser\begin.h">
      <Filter>serialization\parser</Filter>
    </ClInclude>
  </ItemGroup>
  <ItemGroup>
    <ClCompile Include="core\parameter_ref.cpp">
      <Filter>core</Filter>
    </ClCompile>
    <ClCompile Include="core\statement.cpp">
      <Filter>core</Filter>
    </ClCompile>
    <ClCompile Include="core\routine.cpp">
      <Filter>core</Filter>
    </ClCompile>
    <ClCompile Include="core\node.cpp">
      <Filter>core</Filter>
    </ClCompile>
    <ClCompile Include="core\data.cpp">
      <Filter>core</Filter>
    </ClCompile>
    <ClCompile Include="core\result.cpp">
      <Filter>core</Filter>
    </ClCompile>
    <ClCompile Include="core\result_ref.cpp">
      <Filter>core</Filter>
    </ClCompile>
    <ClCompile Include="tokens\token.cpp">
      <Filter>tokens</Filter>
    </ClCompile>
    <ClCompile Include="tokens\identifier.cpp">
      <Filter>tokens</Filter>
    </ClCompile>
    <ClCompile Include="tokens\declaration.cpp">
      <Filter>tokens</Filter>
    </ClCompile>
    <ClCompile Include="tokens\hex_data_token.cpp">
      <Filter>tokens</Filter>
    </ClCompile>
    <ClCompile Include="tokens\routine_end.cpp">
      <Filter>tokens</Filter>
    </ClCompile>
    <ClCompile Include="tokens\statement_end.cpp">
      <Filter>tokens</Filter>
    </ClCompile>
    <ClCompile Include="tokens\data_token.cpp">
      <Filter>tokens</Filter>
    </ClCompile>
    <ClCompile Include="tokens\complex_identifier.cpp">
      <Filter>tokens</Filter>
    </ClCompile>
    <ClCompile Include="serialization\lexer\state.cpp">
      <Filter>serialization\lexer</Filter>
    </ClCompile>
    <ClCompile Include="serialization\lexer\begin.cpp">
      <Filter>serialization\lexer</Filter>
    </ClCompile>
    <ClCompile Include="serialization\lexer\whitespace.cpp">
      <Filter>serialization\lexer</Filter>
    </ClCompile>
    <ClCompile Include="serialization\lexer\control.cpp">
      <Filter>serialization\lexer</Filter>
    </ClCompile>
    <ClCompile Include="serialization\lexer\multiline_comment.cpp">
      <Filter>serialization\lexer</Filter>
    </ClCompile>
    <ClCompile Include="serialization\lexer\manifest_data.cpp">
      <Filter>serialization\lexer</Filter>
    </ClCompile>
    <ClCompile Include="serialization\lexer\singleline_comment.cpp">
      <Filter>serialization\lexer</Filter>
    </ClCompile>
    <ClCompile Include="serialization\parser\parse_result.cpp">
      <Filter>serialization\parser</Filter>
    </ClCompile>
    <ClCompile Include="serialization\parser\result_position.cpp">
      <Filter>serialization\parser</Filter>
    </ClCompile>
    <ClCompile Include="serialization\parser\result_reference.cpp">
      <Filter>serialization\parser</Filter>
    </ClCompile>
    <ClCompile Include="serialization\parser\state.cpp">
      <Filter>serialization\parser</Filter>
    </ClCompile>
    <ClCompile Include="serialization\lexer\identifier.cpp">
      <Filter>serialization\lexer</Filter>
    </ClCompile>
    <ClCompile Include="serialization\lexer\error.cpp">
      <Filter>serialization\lexer</Filter>
    </ClCompile>
    <ClCompile Include="serialization\parser\begin.cpp">
      <Filter>serialization\parser</Filter>
    </ClCompile>
    <ClCompile Include="serialization\parser\error.cpp">
      <Filter>serialization\parser</Filter>
    </ClCompile>
  </ItemGroup>
  <ItemGroup>
    <Filter Include="core">
      <UniqueIdentifier>{0fec4cae-08e7-47e9-9348-3f4441aea61a}</UniqueIdentifier>
    </Filter>
    <Filter Include="serialization">
      <UniqueIdentifier>{30e325db-0739-4add-8e93-6657e9cb9d13}</UniqueIdentifier>
    </Filter>
    <Filter Include="tokens">
      <UniqueIdentifier>{f7fb68c6-4a1b-4101-b6ab-203dc11c4e9f}</UniqueIdentifier>
    </Filter>
    <Filter Include="serialization\lexer">
      <UniqueIdentifier>{9d01b868-304a-4e86-9f66-8f7e5afea82d}</UniqueIdentifier>
    </Filter>
    <Filter Include="serialization\parser">
      <UniqueIdentifier>{85d97a9d-4f21-499e-ba7c-370b201993a8}</UniqueIdentifier>
    </Filter>
  </ItemGroup>
</Project>