<?xml version="1.0" encoding="utf-8"?>
<Project ToolsVersion="4.0" xmlns="http://schemas.microsoft.com/developer/msbuild/2003">
  <ItemGroup>
    <ClInclude Include="core\parameter_ref.h">
      <Filter>core</Filter>
    </ClInclude>
    <ClInclude Include="core\statement.h">
      <Filter>core</Filter>
    </ClInclude>
    <ClInclude Include="core\routine.h">
      <Filter>core</Filter>
    </ClInclude>
    <ClInclude Include="core\node.h">
      <Filter>core</Filter>
    </ClInclude>
    <ClInclude Include="core\data.h">
      <Filter>core</Filter>
    </ClInclude>
    <ClInclude Include="core\result.h">
      <Filter>core</Filter>
    </ClInclude>
    <ClInclude Include="core\result_ref.h">
      <Filter>core</Filter>
    </ClInclude>
    <ClInclude Include="serialization\simple.h">
      <Filter>serialization</Filter>
    </ClInclude>
    <ClInclude Include="tokens\token.h">
      <Filter>tokens</Filter>
    </ClInclude>
    <ClInclude Include="tokens\identifier.h">
      <Filter>tokens</Filter>
    </ClInclude>
    <ClInclude Include="serialization\simple_lexer.h">
      <Filter>serialization</Filter>
    </ClInclude>
    <ClInclude Include="tokens\declaration.h">
      <Filter>tokens</Filter>
    </ClInclude>
    <ClInclude Include="tokens\error.h">
      <Filter>tokens</Filter>
    </ClInclude>
    <ClInclude Include="tokens\hex_data_token.h">
      <Filter>tokens</Filter>
    </ClInclude>
    <ClInclude Include="tokens\routine_end.h">
      <Filter>tokens</Filter>
    </ClInclude>
    <ClInclude Include="tokens\statement_end.h">
      <Filter>tokens</Filter>
    </ClInclude>
    <ClInclude Include="tokens\data_token.h">
      <Filter>tokens</Filter>
    </ClInclude>
    <ClInclude Include="tokens\complex_identifier.h">
      <Filter>tokens</Filter>
    </ClInclude>
    <ClInclude Include="serialization\simple_parser.h">
      <Filter>serialization</Filter>
    </ClInclude>
    <ClInclude Include="serialization\parse_result.h">
      <Filter>serialization</Filter>
    </ClInclude>
    <ClInclude Include="serialization\result_reference.h">
      <Filter>serialization</Filter>
    </ClInclude>
    <ClInclude Include="serialization\result_position.h">
      <Filter>serialization</Filter>
    </ClInclude>
  </ItemGroup>
  <ItemGroup>
    <ClCompile Include="core\parameter_ref.cpp">
      <Filter>core</Filter>
    </ClCompile>
    <ClCompile Include="core\statement.cpp">
      <Filter>core</Filter>
    </ClCompile>
    <ClCompile Include="core\routine.cpp">
      <Filter>core</Filter>
    </ClCompile>
    <ClCompile Include="core\node.cpp">
      <Filter>core</Filter>
    </ClCompile>
    <ClCompile Include="core\data.cpp">
      <Filter>core</Filter>
    </ClCompile>
    <ClCompile Include="core\result.cpp">
      <Filter>core</Filter>
    </ClCompile>
    <ClCompile Include="core\result_ref.cpp">
      <Filter>core</Filter>
    </ClCompile>
    <ClCompile Include="tokens\token.cpp">
      <Filter>tokens</Filter>
    </ClCompile>
    <ClCompile Include="tokens\identifier.cpp">
      <Filter>tokens</Filter>
    </ClCompile>
    <ClCompile Include="tokens\declaration.cpp">
      <Filter>tokens</Filter>
    </ClCompile>
    <ClCompile Include="tokens\error.cpp">
      <Filter>tokens</Filter>
    </ClCompile>
    <ClCompile Include="tokens\hex_data_token.cpp">
      <Filter>tokens</Filter>
    </ClCompile>
    <ClCompile Include="tokens\routine_end.cpp">
      <Filter>tokens</Filter>
    </ClCompile>
    <ClCompile Include="tokens\statement_end.cpp">
      <Filter>tokens</Filter>
    </ClCompile>
    <ClCompile Include="tokens\data_token.cpp">
      <Filter>tokens</Filter>
    </ClCompile>
    <ClCompile Include="tokens\complex_identifier.cpp">
      <Filter>tokens</Filter>
    </ClCompile>
    <ClCompile Include="serialization\parse_result.cpp">
      <Filter>serialization</Filter>
    </ClCompile>
    <ClCompile Include="serialization\result_reference.cpp">
      <Filter>serialization</Filter>
    </ClCompile>
    <ClCompile Include="serialization\result_position.cpp">
      <Filter>serialization</Filter>
    </ClCompile>
  </ItemGroup>
  <ItemGroup>
    <Filter Include="core">
      <UniqueIdentifier>{0fec4cae-08e7-47e9-9348-3f4441aea61a}</UniqueIdentifier>
    </Filter>
    <Filter Include="serialization">
      <UniqueIdentifier>{30e325db-0739-4add-8e93-6657e9cb9d13}</UniqueIdentifier>
    </Filter>
    <Filter Include="tokens">
      <UniqueIdentifier>{f7fb68c6-4a1b-4101-b6ab-203dc11c4e9f}</UniqueIdentifier>
    </Filter>
  </ItemGroup>
</Project>