<?xml version="1.0" encoding="utf-8"?>
<Project ToolsVersion="4.0" xmlns="http://schemas.microsoft.com/developer/msbuild/2003">
  <ItemGroup>
    <ClInclude Include="errors\error.h">
      <Filter>errors</Filter>
    </ClInclude>
    <ClInclude Include="errors\unresolved_statement.h">
      <Filter>errors</Filter>
    </ClInclude>
    <ClInclude Include="errors\unexpected_argument_count.h">
      <Filter>errors</Filter>
    </ClInclude>
    <ClInclude Include="errors\unexpected_result_count.h">
      <Filter>errors</Filter>
    </ClInclude>
    <ClInclude Include="errors\binder_error.h">
      <Filter>errors</Filter>
    </ClInclude>
    <ClInclude Include="errors\binder_string_error.h">
      <Filter>errors</Filter>
    </ClInclude>
    <ClInclude Include="errors\unexpected_binder_type.h">
      <Filter>errors</Filter>
    </ClInclude>
    <ClInclude Include="errors\node_out_of_order.h">
      <Filter>errors</Filter>
    </ClInclude>
    <ClInclude Include="errors\target_not_bindable.h">
      <Filter>errors</Filter>
    </ClInclude>
    <ClInclude Include="errors\error_list.h">
      <Filter>errors</Filter>
    </ClInclude>
    <ClInclude Include="errors\string_error.h">
      <Filter>errors</Filter>
    </ClInclude>
    <ClInclude Include="core\connection.h">
      <Filter>core</Filter>
    </ClInclude>
    <ClInclude Include="core\expression.h">
      <Filter>core</Filter>
    </ClInclude>
    <ClInclude Include="core\gather.h">
      <Filter>core</Filter>
    </ClInclude>
    <ClInclude Include="core\target.h">
      <Filter>core</Filter>
    </ClInclude>
    <ClInclude Include="core\input.h">
      <Filter>core</Filter>
    </ClInclude>
    <ClInclude Include="core\scatter.h">
      <Filter>core</Filter>
    </ClInclude>
    <ClInclude Include="core\point.h">
      <Filter>core</Filter>
    </ClInclude>
  </ItemGroup>
  <ItemGroup>
    <ClCompile Include="errors\error.cpp">
      <Filter>errors</Filter>
    </ClCompile>
    <ClCompile Include="errors\unresolved_statement.cpp">
      <Filter>errors</Filter>
    </ClCompile>
    <ClCompile Include="errors\unexpected_argument_count.cpp">
      <Filter>errors</Filter>
    </ClCompile>
    <ClCompile Include="errors\unexpected_result_count.cpp">
      <Filter>errors</Filter>
    </ClCompile>
    <ClCompile Include="errors\binder_error.cpp">
      <Filter>errors</Filter>
    </ClCompile>
    <ClCompile Include="errors\binder_string_error.cpp">
      <Filter>errors</Filter>
    </ClCompile>
    <ClCompile Include="errors\unexpected_binder_type.cpp">
      <Filter>errors</Filter>
    </ClCompile>
    <ClCompile Include="errors\node_out_of_order.cpp">
      <Filter>errors</Filter>
    </ClCompile>
    <ClCompile Include="errors\target_not_bindable.cpp">
      <Filter>errors</Filter>
    </ClCompile>
    <ClCompile Include="errors\error_list.cpp">
      <Filter>errors</Filter>
    </ClCompile>
    <ClCompile Include="errors\string_error.cpp">
      <Filter>errors</Filter>
    </ClCompile>
    <ClCompile Include="core\connection.cpp">
      <Filter>core</Filter>
    </ClCompile>
    <ClCompile Include="core\expression.cpp">
      <Filter>core</Filter>
    </ClCompile>
    <ClCompile Include="core\gather.cpp">
      <Filter>core</Filter>
    </ClCompile>
    <ClCompile Include="core\target.cpp">
      <Filter>core</Filter>
    </ClCompile>
    <ClCompile Include="core\input.cpp">
      <Filter>core</Filter>
    </ClCompile>
    <ClCompile Include="core\scatter.cpp">
      <Filter>core</Filter>
    </ClCompile>
    <ClCompile Include="core\point.cpp">
      <Filter>core</Filter>
    </ClCompile>
  </ItemGroup>
  <ItemGroup>
    <Filter Include="core">
      <UniqueIdentifier>{0fec4cae-08e7-47e9-9348-3f4441aea61a}</UniqueIdentifier>
    </Filter>
    <Filter Include="errors">
      <UniqueIdentifier>{2b58f1a6-998b-4372-86bc-2c5637129c69}</UniqueIdentifier>
    </Filter>
  </ItemGroup>
</Project>