<?xml version="1.0" encoding="utf-8"?>
<Project ToolsVersion="4.0" xmlns="http://schemas.microsoft.com/developer/msbuild/2003">
  <ItemGroup>
    <ClCompile Include="generator.cpp" />
    <ClCompile Include="synthesizer.cpp" />
    <ClCompile Include="builder.cpp" />
    <ClCompile Include="expression.cpp" />
    <ClCompile Include="lambda.cpp" />
    <ClCompile Include="lambda_single.cpp" />
  </ItemGroup>
  <ItemGroup>
    <ClInclude Include="generator.h" />
    <ClInclude Include="synthesizer.h" />
    <ClInclude Include="builder.h" />
    <ClInclude Include="expression.h" />
    <ClInclude Include="lambda.h" />
    <ClInclude Include="lambda_single.h" />
  </ItemGroup>
</Project>