<?xml version="1.0" encoding="utf-8"?>
<Project ToolsVersion="4.0" xmlns="http://schemas.microsoft.com/developer/msbuild/2003">
  <ItemGroup>
    <ClCompile Include="tests.cpp" />
    <ClCompile Include="module\get_package.cpp">
      <Filter>module</Filter>
    </ClCompile>
    <ClCompile Include="module\add_package.cpp">
      <Filter>module</Filter>
    </ClCompile>
    <ClCompile Include="linker\link_modules.cpp">
      <Filter>linker</Filter>
    </ClCompile>
    <ClCompile Include="extension.cpp" />
    <ClCompile Include="types\integer.cpp">
      <Filter>types</Filter>
    </ClCompile>
    <ClCompile Include="basic_block\insert.cpp">
      <Filter>basic_block</Filter>
    </ClCompile>
    <ClCompile Include="instruction_package.cpp" />
    <ClCompile Include="function_type\create.cpp">
      <Filter>function_type</Filter>
    </ClCompile>
    <ClCompile Include="function\create.cpp">
      <Filter>function</Filter>
    </ClCompile>
    <ClCompile Include="constant_string\extension.cpp">
      <Filter>constant_string</Filter>
    </ClCompile>
    <ClCompile Include="instructions\call.cpp">
      <Filter>instructions</Filter>
    </ClCompile>
    <ClCompile Include="constant_string\create.cpp">
      <Filter>constant_string</Filter>
    </ClCompile>
    <ClCompile Include="global_variable\create_set.cpp">
      <Filter>global_variable</Filter>
    </ClCompile>
    <ClCompile Include="ccall\operation.cpp">
      <Filter>ccall</Filter>
    </ClCompile>
    <ClCompile Include="analyzer\operation.cpp">
      <Filter>analyzer</Filter>
    </ClCompile>
  </ItemGroup>
  <ItemGroup>
    <ClInclude Include="tests.h" />
    <ClInclude Include="module\get_package.h">
      <Filter>module</Filter>
    </ClInclude>
    <ClInclude Include="module\add_package.h">
      <Filter>module</Filter>
    </ClInclude>
    <ClInclude Include="linker\link_modules.h">
      <Filter>linker</Filter>
    </ClInclude>
    <ClInclude Include="extension.h" />
    <ClInclude Include="types\integer.h">
      <Filter>types</Filter>
    </ClInclude>
    <ClInclude Include="basic_block\insert.h">
      <Filter>basic_block</Filter>
    </ClInclude>
    <ClInclude Include="instruction_package.h" />
    <ClInclude Include="function_type\create.h">
      <Filter>function_type</Filter>
    </ClInclude>
    <ClInclude Include="function\create.h">
      <Filter>function</Filter>
    </ClInclude>
    <ClInclude Include="constant_string\extension.h">
      <Filter>constant_string</Filter>
    </ClInclude>
    <ClInclude Include="instructions\call.h">
      <Filter>instructions</Filter>
    </ClInclude>
    <ClInclude Include="constant_string\create.h">
      <Filter>constant_string</Filter>
    </ClInclude>
    <ClInclude Include="global_variable\create_set.h">
      <Filter>global_variable</Filter>
    </ClInclude>
    <ClInclude Include="ccall\operation.h">
      <Filter>ccall</Filter>
    </ClInclude>
    <ClInclude Include="analyzer\operation.h">
      <Filter>analyzer</Filter>
    </ClInclude>
  </ItemGroup>
  <ItemGroup>
    <Filter Include="module">
      <UniqueIdentifier>{180cf719-a564-4347-adad-a6b4939cad7c}</UniqueIdentifier>
    </Filter>
    <Filter Include="linker">
      <UniqueIdentifier>{f7b35197-5f73-4741-be19-e282095e7dcd}</UniqueIdentifier>
    </Filter>
    <Filter Include="types">
      <UniqueIdentifier>{5318c82d-e508-44b1-9f57-d1e1908802be}</UniqueIdentifier>
    </Filter>
    <Filter Include="basic_block">
      <UniqueIdentifier>{3aa9d754-9277-441c-957b-e9778643cfb2}</UniqueIdentifier>
    </Filter>
    <Filter Include="function_type">
      <UniqueIdentifier>{55a25d32-c646-4129-bc89-2c3d8101f0c0}</UniqueIdentifier>
    </Filter>
    <Filter Include="function">
      <UniqueIdentifier>{3049b787-b11b-4489-b6d2-10fce8cc5230}</UniqueIdentifier>
    </Filter>
    <Filter Include="constant_string">
      <UniqueIdentifier>{f622e980-5e79-4ffe-bcbd-b98e7931927d}</UniqueIdentifier>
    </Filter>
    <Filter Include="instructions">
      <UniqueIdentifier>{7dc111a6-0d07-4004-a51b-9d9260ba725e}</UniqueIdentifier>
    </Filter>
    <Filter Include="global_variable">
      <UniqueIdentifier>{541bf7a7-158b-4b0a-bb1f-4adb2d4ced74}</UniqueIdentifier>
    </Filter>
    <Filter Include="ccall">
      <UniqueIdentifier>{a801bbac-dea1-414a-bbb3-8c035d5c9871}</UniqueIdentifier>
    </Filter>
    <Filter Include="analyzer">
      <UniqueIdentifier>{66509853-d9ae-4d04-bebb-d4106420b1d6}</UniqueIdentifier>
    </Filter>
  </ItemGroup>
</Project>