<?xml version="1.0" encoding="utf-8"?>
<Project ToolsVersion="4.0" xmlns="http://schemas.microsoft.com/developer/msbuild/2003">
  <ItemGroup>
    <ClCompile Include="call.cpp" />
    <ClCompile Include="constant.cpp" />
    <ClCompile Include="context.cpp" />
    <ClCompile Include="expression.cpp" />
    <ClCompile Include="node.cpp" />
    <ClCompile Include="reference.cpp" />
    <ClCompile Include="routine.cpp" />
    <ClCompile Include="data\extension.cpp">
      <Filter>data</Filter>
    </ClCompile>
    <ClCompile Include="data\node.cpp">
      <Filter>data</Filter>
    </ClCompile>
    <ClCompile Include="integer\node.cpp">
      <Filter>integer</Filter>
    </ClCompile>
    <ClCompile Include="integer\extension.cpp">
      <Filter>integer</Filter>
    </ClCompile>
    <ClCompile Include="integer\equal.cpp">
      <Filter>integer</Filter>
    </ClCompile>
    <ClCompile Include="closure\operation.cpp">
      <Filter>closure</Filter>
    </ClCompile>
    <ClCompile Include="closure\hole.cpp">
      <Filter>closure</Filter>
    </ClCompile>
    <ClCompile Include="package\add.cpp">
      <Filter>package</Filter>
    </ClCompile>
    <ClCompile Include="package\remove.cpp">
      <Filter>package</Filter>
    </ClCompile>
    <ClCompile Include="bool_c\node.cpp">
      <Filter>bool_c</Filter>
    </ClCompile>
    <ClCompile Include="bool_c\equal.cpp">
      <Filter>bool_c</Filter>
    </ClCompile>
    <ClCompile Include="identity\operation.cpp">
      <Filter>identity</Filter>
    </ClCompile>
    <ClCompile Include="operation.cpp" />
    <ClCompile Include="fixed.cpp" />
    <ClCompile Include="package\node.cpp">
      <Filter>package</Filter>
    </ClCompile>
    <ClCompile Include="package\create.cpp">
      <Filter>package</Filter>
    </ClCompile>
    <ClCompile Include="package\get.cpp">
      <Filter>package</Filter>
    </ClCompile>
    <ClCompile Include="if_c\operation.cpp">
      <Filter>if_c</Filter>
    </ClCompile>
    <ClCompile Include="closure\create.cpp">
      <Filter>closure</Filter>
    </ClCompile>
    <ClCompile Include="closure\apply.cpp">
      <Filter>closure</Filter>
    </ClCompile>
    <ClCompile Include="times\operation.cpp">
      <Filter>times</Filter>
    </ClCompile>
    <ClCompile Include="integer\subtract.cpp">
      <Filter>integer</Filter>
    </ClCompile>
    <ClCompile Include="unit\operation.cpp">
      <Filter>unit</Filter>
    </ClCompile>
    <ClCompile Include="bool_c\create.cpp">
      <Filter>bool_c</Filter>
    </ClCompile>
    <ClCompile Include="exec\operation.cpp">
      <Filter>exec</Filter>
    </ClCompile>
    <ClCompile Include="chain\operation.cpp">
      <Filter>chain</Filter>
    </ClCompile>
  </ItemGroup>
  <ItemGroup>
    <ClInclude Include="call.h" />
    <ClInclude Include="constant.h" />
    <ClInclude Include="context.h" />
    <ClInclude Include="expression.h" />
    <ClInclude Include="node.h" />
    <ClInclude Include="reference.h" />
    <ClInclude Include="routine.h" />
    <ClInclude Include="data\extension.h">
      <Filter>data</Filter>
    </ClInclude>
    <ClInclude Include="data\node.h">
      <Filter>data</Filter>
    </ClInclude>
    <ClInclude Include="integer\node.h">
      <Filter>integer</Filter>
    </ClInclude>
    <ClInclude Include="integer\extension.h">
      <Filter>integer</Filter>
    </ClInclude>
    <ClInclude Include="integer\equal.h">
      <Filter>integer</Filter>
    </ClInclude>
    <ClInclude Include="closure\operation.h">
      <Filter>closure</Filter>
    </ClInclude>
    <ClInclude Include="closure\hole.h">
      <Filter>closure</Filter>
    </ClInclude>
    <ClInclude Include="package\add.h">
      <Filter>package</Filter>
    </ClInclude>
    <ClInclude Include="package\remove.h">
      <Filter>package</Filter>
    </ClInclude>
    <ClInclude Include="bool_c\node.h">
      <Filter>bool_c</Filter>
    </ClInclude>
    <ClInclude Include="bool_c\equal.h">
      <Filter>bool_c</Filter>
    </ClInclude>
    <ClInclude Include="identity\operation.h">
      <Filter>identity</Filter>
    </ClInclude>
    <ClInclude Include="operation.h" />
    <ClInclude Include="fixed.h" />
    <ClInclude Include="package\node.h">
      <Filter>package</Filter>
    </ClInclude>
    <ClInclude Include="package\create.h">
      <Filter>package</Filter>
    </ClInclude>
    <ClInclude Include="package\get.h">
      <Filter>package</Filter>
    </ClInclude>
    <ClInclude Include="if_c\operation.h">
      <Filter>if_c</Filter>
    </ClInclude>
    <ClInclude Include="closure\create.h">
      <Filter>closure</Filter>
    </ClInclude>
    <ClInclude Include="closure\apply.h">
      <Filter>closure</Filter>
    </ClInclude>
    <ClInclude Include="times\operation.h">
      <Filter>times</Filter>
    </ClInclude>
    <ClInclude Include="integer\subtract.h">
      <Filter>integer</Filter>
    </ClInclude>
    <ClInclude Include="segment.h" />
    <ClInclude Include="unit\operation.h">
      <Filter>unit</Filter>
    </ClInclude>
    <ClInclude Include="bool_c\create.h">
      <Filter>bool_c</Filter>
    </ClInclude>
    <ClInclude Include="exec\operation.h">
      <Filter>exec</Filter>
    </ClInclude>
    <ClInclude Include="chain\operation.h">
      <Filter>chain</Filter>
    </ClInclude>
  </ItemGroup>
  <ItemGroup>
    <Filter Include="data">
      <UniqueIdentifier>{d161275d-a71b-4b87-8d96-c3eea6f6cf71}</UniqueIdentifier>
    </Filter>
    <Filter Include="integer">
      <UniqueIdentifier>{0ccb1b61-2cf8-4a9b-acf2-7709b18b0057}</UniqueIdentifier>
    </Filter>
    <Filter Include="closure">
      <UniqueIdentifier>{a040ba63-5788-47cd-b91d-bd39e98fe46f}</UniqueIdentifier>
    </Filter>
    <Filter Include="package">
      <UniqueIdentifier>{1fd75edf-2781-4610-9f9c-d524325670d7}</UniqueIdentifier>
    </Filter>
    <Filter Include="bool_c">
      <UniqueIdentifier>{9eed93e2-8179-4681-9b32-b24f2401fa10}</UniqueIdentifier>
    </Filter>
    <Filter Include="identity">
      <UniqueIdentifier>{eaf8171f-db84-4d67-9ed8-a1dd39e2a7ea}</UniqueIdentifier>
    </Filter>
    <Filter Include="if_c">
      <UniqueIdentifier>{3aa7a70a-e455-4917-b613-157b6ec6de85}</UniqueIdentifier>
    </Filter>
    <Filter Include="times">
      <UniqueIdentifier>{f3554a1b-2985-4bc9-97b8-940a09aa3005}</UniqueIdentifier>
    </Filter>
    <Filter Include="unit">
      <UniqueIdentifier>{37d4aacc-b772-4c68-9103-c3bcc928981e}</UniqueIdentifier>
    </Filter>
    <Filter Include="exec">
      <UniqueIdentifier>{e8b979fb-c2fe-4c84-abbe-feea605bb583}</UniqueIdentifier>
    </Filter>
    <Filter Include="chain">
      <UniqueIdentifier>{75c2b010-1dbb-4d92-b1e6-b51871fbf48f}</UniqueIdentifier>
    </Filter>
  </ItemGroup>
</Project>